// !$*UTF8*$!
{
	archiveVersion = 1;
	classes = {
	};
	objectVersion = 55;
	objects = {

/* Begin PBXBuildFile section */
		15189FEB281B2503002E6DB4 /* FixtureCellContentView.swift in Sources */ = {isa = PBXBuildFile; fileRef = 15189FEA281B2503002E6DB4 /* FixtureCellContentView.swift */; };
		15189FED281B2527002E6DB4 /* FixtureCellContentConfiguration.swift in Sources */ = {isa = PBXBuildFile; fileRef = 15189FEC281B2527002E6DB4 /* FixtureCellContentConfiguration.swift */; };
		15189FEF281B3DE6002E6DB4 /* LeagueCellContentView.swift in Sources */ = {isa = PBXBuildFile; fileRef = 15189FEE281B3DE6002E6DB4 /* LeagueCellContentView.swift */; };
		15189FF1281B3E29002E6DB4 /* LeagueCellContentConfiguration.swift in Sources */ = {isa = PBXBuildFile; fileRef = 15189FF0281B3E29002E6DB4 /* LeagueCellContentConfiguration.swift */; };
		1548A15328236F3A00741179 /* Colors.swift in Sources */ = {isa = PBXBuildFile; fileRef = 1548A15228236F3A00741179 /* Colors.swift */; };
		1548A155282377D000741179 /* TestingManager.swift in Sources */ = {isa = PBXBuildFile; fileRef = 1548A154282377D000741179 /* TestingManager.swift */; };
		1578B84F282217AC00B71838 /* FixtureGet.swift in Sources */ = {isa = PBXBuildFile; fileRef = 1578B84E282217AC00B71838 /* FixtureGet.swift */; };
		1578B85128222B7200B71838 /* Protocols.swift in Sources */ = {isa = PBXBuildFile; fileRef = 1578B85028222B7200B71838 /* Protocols.swift */; };
		1578B8532822D98000B71838 /* UserSettings.swift in Sources */ = {isa = PBXBuildFile; fileRef = 1578B8522822D98000B71838 /* UserSettings.swift */; };
		1578B8552822EC3900B71838 /* LeagueGet.swift in Sources */ = {isa = PBXBuildFile; fileRef = 1578B8542822EC3900B71838 /* LeagueGet.swift */; };
		15C621372814592D005A13E7 /* AppDelegate.swift in Sources */ = {isa = PBXBuildFile; fileRef = 15C621362814592D005A13E7 /* AppDelegate.swift */; };
		15C621392814592D005A13E7 /* SceneDelegate.swift in Sources */ = {isa = PBXBuildFile; fileRef = 15C621382814592D005A13E7 /* SceneDelegate.swift */; };
		15C6213B2814592D005A13E7 /* ViewController.swift in Sources */ = {isa = PBXBuildFile; fileRef = 15C6213A2814592D005A13E7 /* ViewController.swift */; };
		15C6213E2814592D005A13E7 /* Main.storyboard in Resources */ = {isa = PBXBuildFile; fileRef = 15C6213C2814592D005A13E7 /* Main.storyboard */; };
		15C621402814592F005A13E7 /* Assets.xcassets in Resources */ = {isa = PBXBuildFile; fileRef = 15C6213F2814592F005A13E7 /* Assets.xcassets */; };
		15C621432814592F005A13E7 /* LaunchScreen.storyboard in Resources */ = {isa = PBXBuildFile; fileRef = 15C621412814592F005A13E7 /* LaunchScreen.storyboard */; };
		15C6215028145A01005A13E7 /* Enums.swift in Sources */ = {isa = PBXBuildFile; fileRef = 15C6214F28145A01005A13E7 /* Enums.swift */; };
		15C6215228145A15005A13E7 /* Data Containers.swift in Sources */ = {isa = PBXBuildFile; fileRef = 15C6215128145A15005A13E7 /* Data Containers.swift */; };
		15C6215428145A2C005A13E7 /* Live Fixture Data.swift in Sources */ = {isa = PBXBuildFile; fileRef = 15C6215328145A2C005A13E7 /* Live Fixture Data.swift */; };
		15C6215628145A48005A13E7 /* Main Screen View.swift in Sources */ = {isa = PBXBuildFile; fileRef = 15C6215528145A48005A13E7 /* Main Screen View.swift */; };
		15C6215828145A62005A13E7 /* FixtureCell.swift in Sources */ = {isa = PBXBuildFile; fileRef = 15C6215728145A62005A13E7 /* FixtureCell.swift */; };
		15C6215A28145A7A005A13E7 /* UIStackView.swift in Sources */ = {isa = PBXBuildFile; fileRef = 15C6215928145A7A005A13E7 /* UIStackView.swift */; };
		15C6215C28145A97005A13E7 /* UIView.swift in Sources */ = {isa = PBXBuildFile; fileRef = 15C6215B28145A97005A13E7 /* UIView.swift */; };
		15C6215E281460C9005A13E7 /* LeagueCell.swift in Sources */ = {isa = PBXBuildFile; fileRef = 15C6215D281460C9005A13E7 /* LeagueCell.swift */; };
		15C6216028146379005A13E7 /* Custom Classes.swift in Sources */ = {isa = PBXBuildFile; fileRef = 15C6215F28146379005A13E7 /* Custom Classes.swift */; };
/* End PBXBuildFile section */

/* Begin PBXFileReference section */
		15189FEA281B2503002E6DB4 /* FixtureCellContentView.swift */ = {isa = PBXFileReference; lastKnownFileType = sourcecode.swift; path = FixtureCellContentView.swift; sourceTree = "<group>"; };
		15189FEC281B2527002E6DB4 /* FixtureCellContentConfiguration.swift */ = {isa = PBXFileReference; lastKnownFileType = sourcecode.swift; path = FixtureCellContentConfiguration.swift; sourceTree = "<group>"; };
		15189FEE281B3DE6002E6DB4 /* LeagueCellContentView.swift */ = {isa = PBXFileReference; lastKnownFileType = sourcecode.swift; path = LeagueCellContentView.swift; sourceTree = "<group>"; };
		15189FF0281B3E29002E6DB4 /* LeagueCellContentConfiguration.swift */ = {isa = PBXFileReference; lastKnownFileType = sourcecode.swift; path = LeagueCellContentConfiguration.swift; sourceTree = "<group>"; };
		1548A15228236F3A00741179 /* Colors.swift */ = {isa = PBXFileReference; lastKnownFileType = sourcecode.swift; path = Colors.swift; sourceTree = "<group>"; };
		1548A154282377D000741179 /* TestingManager.swift */ = {isa = PBXFileReference; lastKnownFileType = sourcecode.swift; path = TestingManager.swift; sourceTree = "<group>"; };
		1578B84E282217AC00B71838 /* FixtureGet.swift */ = {isa = PBXFileReference; lastKnownFileType = sourcecode.swift; path = FixtureGet.swift; sourceTree = "<group>"; };
		1578B85028222B7200B71838 /* Protocols.swift */ = {isa = PBXFileReference; lastKnownFileType = sourcecode.swift; path = Protocols.swift; sourceTree = "<group>"; };
		1578B8522822D98000B71838 /* UserSettings.swift */ = {isa = PBXFileReference; lastKnownFileType = sourcecode.swift; path = UserSettings.swift; sourceTree = "<group>"; };
		1578B8542822EC3900B71838 /* LeagueGet.swift */ = {isa = PBXFileReference; lastKnownFileType = sourcecode.swift; path = LeagueGet.swift; sourceTree = "<group>"; };
		15C621332814592D005A13E7 /* GoalPost.app */ = {isa = PBXFileReference; explicitFileType = wrapper.application; includeInIndex = 0; path = GoalPost.app; sourceTree = BUILT_PRODUCTS_DIR; };
		15C621362814592D005A13E7 /* AppDelegate.swift */ = {isa = PBXFileReference; lastKnownFileType = sourcecode.swift; path = AppDelegate.swift; sourceTree = "<group>"; };
		15C621382814592D005A13E7 /* SceneDelegate.swift */ = {isa = PBXFileReference; lastKnownFileType = sourcecode.swift; path = SceneDelegate.swift; sourceTree = "<group>"; };
		15C6213A2814592D005A13E7 /* ViewController.swift */ = {isa = PBXFileReference; lastKnownFileType = sourcecode.swift; path = ViewController.swift; sourceTree = "<group>"; };
		15C6213D2814592D005A13E7 /* Base */ = {isa = PBXFileReference; lastKnownFileType = file.storyboard; name = Base; path = Base.lproj/Main.storyboard; sourceTree = "<group>"; };
		15C6213F2814592F005A13E7 /* Assets.xcassets */ = {isa = PBXFileReference; lastKnownFileType = folder.assetcatalog; path = Assets.xcassets; sourceTree = "<group>"; };
		15C621422814592F005A13E7 /* Base */ = {isa = PBXFileReference; lastKnownFileType = file.storyboard; name = Base; path = Base.lproj/LaunchScreen.storyboard; sourceTree = "<group>"; };
		15C621442814592F005A13E7 /* Info.plist */ = {isa = PBXFileReference; lastKnownFileType = text.plist.xml; path = Info.plist; sourceTree = "<group>"; };
		15C6214F28145A01005A13E7 /* Enums.swift */ = {isa = PBXFileReference; lastKnownFileType = sourcecode.swift; path = Enums.swift; sourceTree = "<group>"; };
		15C6215128145A15005A13E7 /* Data Containers.swift */ = {isa = PBXFileReference; lastKnownFileType = sourcecode.swift; path = "Data Containers.swift"; sourceTree = "<group>"; };
		15C6215328145A2C005A13E7 /* Live Fixture Data.swift */ = {isa = PBXFileReference; lastKnownFileType = sourcecode.swift; path = "Live Fixture Data.swift"; sourceTree = "<group>"; };
		15C6215528145A48005A13E7 /* Main Screen View.swift */ = {isa = PBXFileReference; lastKnownFileType = sourcecode.swift; path = "Main Screen View.swift"; sourceTree = "<group>"; };
		15C6215728145A62005A13E7 /* FixtureCell.swift */ = {isa = PBXFileReference; lastKnownFileType = sourcecode.swift; path = FixtureCell.swift; sourceTree = "<group>"; };
		15C6215928145A7A005A13E7 /* UIStackView.swift */ = {isa = PBXFileReference; lastKnownFileType = sourcecode.swift; path = UIStackView.swift; sourceTree = "<group>"; };
		15C6215B28145A97005A13E7 /* UIView.swift */ = {isa = PBXFileReference; lastKnownFileType = sourcecode.swift; path = UIView.swift; sourceTree = "<group>"; };
		15C6215D281460C9005A13E7 /* LeagueCell.swift */ = {isa = PBXFileReference; lastKnownFileType = sourcecode.swift; path = LeagueCell.swift; sourceTree = "<group>"; };
		15C6215F28146379005A13E7 /* Custom Classes.swift */ = {isa = PBXFileReference; lastKnownFileType = sourcecode.swift; path = "Custom Classes.swift"; sourceTree = "<group>"; };
/* End PBXFileReference section */

/* Begin PBXFrameworksBuildPhase section */
		15C621302814592D005A13E7 /* Frameworks */ = {
			isa = PBXFrameworksBuildPhase;
			buildActionMask = 2147483647;
			files = (
			);
			runOnlyForDeploymentPostprocessing = 0;
		};
/* End PBXFrameworksBuildPhase section */

/* Begin PBXGroup section */
		15C6212A2814592D005A13E7 = {
			isa = PBXGroup;
			children = (
				15C621352814592D005A13E7 /* GoalPost */,
				15C621342814592D005A13E7 /* Products */,
			);
			sourceTree = "<group>";
		};
		15C621342814592D005A13E7 /* Products */ = {
			isa = PBXGroup;
			children = (
				15C621332814592D005A13E7 /* GoalPost.app */,
			);
			name = Products;
			sourceTree = "<group>";
		};
		15C621352814592D005A13E7 /* GoalPost */ = {
			isa = PBXGroup;
			children = (
				15C6214A28145989005A13E7 /* Model */,
				15C6214B2814598E005A13E7 /* View */,
				15C6214C28145994005A13E7 /* Controller */,
				15C6214D281459A4005A13E7 /* Extensions */,
				15C6214E281459D6005A13E7 /* Support Files */,
				15C621362814592D005A13E7 /* AppDelegate.swift */,
				15C621382814592D005A13E7 /* SceneDelegate.swift */,
				15C6213C2814592D005A13E7 /* Main.storyboard */,
				15C6213F2814592F005A13E7 /* Assets.xcassets */,
				15C621412814592F005A13E7 /* LaunchScreen.storyboard */,
				15C621442814592F005A13E7 /* Info.plist */,
			);
			path = GoalPost;
			sourceTree = "<group>";
		};
		15C6214A28145989005A13E7 /* Model */ = {
			isa = PBXGroup;
			children = (
				15C6215128145A15005A13E7 /* Data Containers.swift */,
				15C6215328145A2C005A13E7 /* Live Fixture Data.swift */,
				1578B84E282217AC00B71838 /* FixtureGet.swift */,
				1578B8542822EC3900B71838 /* LeagueGet.swift */,
				1578B8522822D98000B71838 /* UserSettings.swift */,
			);
			path = Model;
			sourceTree = "<group>";
		};
		15C6214B2814598E005A13E7 /* View */ = {
			isa = PBXGroup;
			children = (
				15C6215528145A48005A13E7 /* Main Screen View.swift */,
				15C6215728145A62005A13E7 /* FixtureCell.swift */,
				15189FEA281B2503002E6DB4 /* FixtureCellContentView.swift */,
				15189FEC281B2527002E6DB4 /* FixtureCellContentConfiguration.swift */,
				15C6215D281460C9005A13E7 /* LeagueCell.swift */,
				15189FEE281B3DE6002E6DB4 /* LeagueCellContentView.swift */,
				15189FF0281B3E29002E6DB4 /* LeagueCellContentConfiguration.swift */,
			);
			path = View;
			sourceTree = "<group>";
		};
		15C6214C28145994005A13E7 /* Controller */ = {
			isa = PBXGroup;
			children = (
				15C6213A2814592D005A13E7 /* ViewController.swift */,
			);
			path = Controller;
			sourceTree = "<group>";
		};
		15C6214D281459A4005A13E7 /* Extensions */ = {
			isa = PBXGroup;
			children = (
				15C6215928145A7A005A13E7 /* UIStackView.swift */,
				15C6215B28145A97005A13E7 /* UIView.swift */,
			);
			path = Extensions;
			sourceTree = "<group>";
		};
		15C6214E281459D6005A13E7 /* Support Files */ = {
			isa = PBXGroup;
			children = (
				15C6214F28145A01005A13E7 /* Enums.swift */,
				15C6215F28146379005A13E7 /* Custom Classes.swift */,
				1578B85028222B7200B71838 /* Protocols.swift */,
				1548A15228236F3A00741179 /* Colors.swift */,
				1548A154282377D000741179 /* TestingManager.swift */,
			);
			path = "Support Files";
			sourceTree = "<group>";
		};
/* End PBXGroup section */

/* Begin PBXNativeTarget section */
		15C621322814592D005A13E7 /* GoalPost */ = {
			isa = PBXNativeTarget;
			buildConfigurationList = 15C621472814592F005A13E7 /* Build configuration list for PBXNativeTarget "GoalPost" */;
			buildPhases = (
				15C6212F2814592D005A13E7 /* Sources */,
				15C621302814592D005A13E7 /* Frameworks */,
				15C621312814592D005A13E7 /* Resources */,
			);
			buildRules = (
			);
			dependencies = (
			);
			name = GoalPost;
			productName = GoalPost;
			productReference = 15C621332814592D005A13E7 /* GoalPost.app */;
			productType = "com.apple.product-type.application";
		};
/* End PBXNativeTarget section */

/* Begin PBXProject section */
		15C6212B2814592D005A13E7 /* Project object */ = {
			isa = PBXProject;
			attributes = {
				BuildIndependentTargetsInParallel = 1;
				LastSwiftUpdateCheck = 1330;
				LastUpgradeCheck = 1330;
				TargetAttributes = {
					15C621322814592D005A13E7 = {
						CreatedOnToolsVersion = 13.3.1;
					};
				};
			};
			buildConfigurationList = 15C6212E2814592D005A13E7 /* Build configuration list for PBXProject "GoalPost" */;
			compatibilityVersion = "Xcode 13.0";
			developmentRegion = en;
			hasScannedForEncodings = 0;
			knownRegions = (
				en,
				Base,
			);
			mainGroup = 15C6212A2814592D005A13E7;
			productRefGroup = 15C621342814592D005A13E7 /* Products */;
			projectDirPath = "";
			projectRoot = "";
			targets = (
				15C621322814592D005A13E7 /* GoalPost */,
			);
		};
/* End PBXProject section */

/* Begin PBXResourcesBuildPhase section */
		15C621312814592D005A13E7 /* Resources */ = {
			isa = PBXResourcesBuildPhase;
			buildActionMask = 2147483647;
			files = (
				15C621432814592F005A13E7 /* LaunchScreen.storyboard in Resources */,
				15C621402814592F005A13E7 /* Assets.xcassets in Resources */,
				15C6213E2814592D005A13E7 /* Main.storyboard in Resources */,
			);
			runOnlyForDeploymentPostprocessing = 0;
		};
/* End PBXResourcesBuildPhase section */

/* Begin PBXSourcesBuildPhase section */
		15C6212F2814592D005A13E7 /* Sources */ = {
			isa = PBXSourcesBuildPhase;
			buildActionMask = 2147483647;
			files = (
				15C6216028146379005A13E7 /* Custom Classes.swift in Sources */,
				15C6215C28145A97005A13E7 /* UIView.swift in Sources */,
				15C6213B2814592D005A13E7 /* ViewController.swift in Sources */,
				1578B85128222B7200B71838 /* Protocols.swift in Sources */,
				15C6215E281460C9005A13E7 /* LeagueCell.swift in Sources */,
				1578B84F282217AC00B71838 /* FixtureGet.swift in Sources */,
				15C6215A28145A7A005A13E7 /* UIStackView.swift in Sources */,
				15189FF1281B3E29002E6DB4 /* LeagueCellContentConfiguration.swift in Sources */,
				15C6215428145A2C005A13E7 /* Live Fixture Data.swift in Sources */,
				1578B8532822D98000B71838 /* UserSettings.swift in Sources */,
				15189FED281B2527002E6DB4 /* FixtureCellContentConfiguration.swift in Sources */,
				1548A15328236F3A00741179 /* Colors.swift in Sources */,
				15189FEF281B3DE6002E6DB4 /* LeagueCellContentView.swift in Sources */,
				15C621372814592D005A13E7 /* AppDelegate.swift in Sources */,
				1548A155282377D000741179 /* TestingManager.swift in Sources */,
				15C6215828145A62005A13E7 /* FixtureCell.swift in Sources */,
				15C6215628145A48005A13E7 /* Main Screen View.swift in Sources */,
				15189FEB281B2503002E6DB4 /* FixtureCellContentView.swift in Sources */,
				1578B8552822EC3900B71838 /* LeagueGet.swift in Sources */,
				15C6215028145A01005A13E7 /* Enums.swift in Sources */,
				15C6215228145A15005A13E7 /* Data Containers.swift in Sources */,
				15C621392814592D005A13E7 /* SceneDelegate.swift in Sources */,
			);
			runOnlyForDeploymentPostprocessing = 0;
		};
/* End PBXSourcesBuildPhase section */

/* Begin PBXVariantGroup section */
		15C6213C2814592D005A13E7 /* Main.storyboard */ = {
			isa = PBXVariantGroup;
			children = (
				15C6213D2814592D005A13E7 /* Base */,
			);
			name = Main.storyboard;
			sourceTree = "<group>";
		};
		15C621412814592F005A13E7 /* LaunchScreen.storyboard */ = {
			isa = PBXVariantGroup;
			children = (
				15C621422814592F005A13E7 /* Base */,
			);
			name = LaunchScreen.storyboard;
			sourceTree = "<group>";
		};
/* End PBXVariantGroup section */

/* Begin XCBuildConfiguration section */
		15C621452814592F005A13E7 /* Debug */ = {
			isa = XCBuildConfiguration;
			buildSettings = {
				ALWAYS_SEARCH_USER_PATHS = NO;
				CLANG_ANALYZER_NONNULL = YES;
				CLANG_ANALYZER_NUMBER_OBJECT_CONVERSION = YES_AGGRESSIVE;
				CLANG_CXX_LANGUAGE_STANDARD = "gnu++17";
				CLANG_ENABLE_MODULES = YES;
				CLANG_ENABLE_OBJC_ARC = YES;
				CLANG_ENABLE_OBJC_WEAK = YES;
				CLANG_WARN_BLOCK_CAPTURE_AUTORELEASING = YES;
				CLANG_WARN_BOOL_CONVERSION = YES;
				CLANG_WARN_COMMA = YES;
				CLANG_WARN_CONSTANT_CONVERSION = YES;
				CLANG_WARN_DEPRECATED_OBJC_IMPLEMENTATIONS = YES;
				CLANG_WARN_DIRECT_OBJC_ISA_USAGE = YES_ERROR;
				CLANG_WARN_DOCUMENTATION_COMMENTS = YES;
				CLANG_WARN_EMPTY_BODY = YES;
				CLANG_WARN_ENUM_CONVERSION = YES;
				CLANG_WARN_INFINITE_RECURSION = YES;
				CLANG_WARN_INT_CONVERSION = YES;
				CLANG_WARN_NON_LITERAL_NULL_CONVERSION = YES;
				CLANG_WARN_OBJC_IMPLICIT_RETAIN_SELF = YES;
				CLANG_WARN_OBJC_LITERAL_CONVERSION = YES;
				CLANG_WARN_OBJC_ROOT_CLASS = YES_ERROR;
				CLANG_WARN_QUOTED_INCLUDE_IN_FRAMEWORK_HEADER = YES;
				CLANG_WARN_RANGE_LOOP_ANALYSIS = YES;
				CLANG_WARN_STRICT_PROTOTYPES = YES;
				CLANG_WARN_SUSPICIOUS_MOVE = YES;
				CLANG_WARN_UNGUARDED_AVAILABILITY = YES_AGGRESSIVE;
				CLANG_WARN_UNREACHABLE_CODE = YES;
				CLANG_WARN__DUPLICATE_METHOD_MATCH = YES;
				COPY_PHASE_STRIP = NO;
				DEBUG_INFORMATION_FORMAT = dwarf;
				ENABLE_STRICT_OBJC_MSGSEND = YES;
				ENABLE_TESTABILITY = YES;
				GCC_C_LANGUAGE_STANDARD = gnu11;
				GCC_DYNAMIC_NO_PIC = NO;
				GCC_NO_COMMON_BLOCKS = YES;
				GCC_OPTIMIZATION_LEVEL = 0;
				GCC_PREPROCESSOR_DEFINITIONS = (
					"DEBUG=1",
					"$(inherited)",
				);
				GCC_WARN_64_TO_32_BIT_CONVERSION = YES;
				GCC_WARN_ABOUT_RETURN_TYPE = YES_ERROR;
				GCC_WARN_UNDECLARED_SELECTOR = YES;
				GCC_WARN_UNINITIALIZED_AUTOS = YES_AGGRESSIVE;
				GCC_WARN_UNUSED_FUNCTION = YES;
				GCC_WARN_UNUSED_VARIABLE = YES;
				IPHONEOS_DEPLOYMENT_TARGET = 15.4;
				MTL_ENABLE_DEBUG_INFO = INCLUDE_SOURCE;
				MTL_FAST_MATH = YES;
				ONLY_ACTIVE_ARCH = YES;
				SDKROOT = iphoneos;
				SWIFT_ACTIVE_COMPILATION_CONDITIONS = DEBUG;
				SWIFT_OPTIMIZATION_LEVEL = "-Onone";
			};
			name = Debug;
		};
		15C621462814592F005A13E7 /* Release */ = {
			isa = XCBuildConfiguration;
			buildSettings = {
				ALWAYS_SEARCH_USER_PATHS = NO;
				CLANG_ANALYZER_NONNULL = YES;
				CLANG_ANALYZER_NUMBER_OBJECT_CONVERSION = YES_AGGRESSIVE;
				CLANG_CXX_LANGUAGE_STANDARD = "gnu++17";
				CLANG_ENABLE_MODULES = YES;
				CLANG_ENABLE_OBJC_ARC = YES;
				CLANG_ENABLE_OBJC_WEAK = YES;
				CLANG_WARN_BLOCK_CAPTURE_AUTORELEASING = YES;
				CLANG_WARN_BOOL_CONVERSION = YES;
				CLANG_WARN_COMMA = YES;
				CLANG_WARN_CONSTANT_CONVERSION = YES;
				CLANG_WARN_DEPRECATED_OBJC_IMPLEMENTATIONS = YES;
				CLANG_WARN_DIRECT_OBJC_ISA_USAGE = YES_ERROR;
				CLANG_WARN_DOCUMENTATION_COMMENTS = YES;
				CLANG_WARN_EMPTY_BODY = YES;
				CLANG_WARN_ENUM_CONVERSION = YES;
				CLANG_WARN_INFINITE_RECURSION = YES;
				CLANG_WARN_INT_CONVERSION = YES;
				CLANG_WARN_NON_LITERAL_NULL_CONVERSION = YES;
				CLANG_WARN_OBJC_IMPLICIT_RETAIN_SELF = YES;
				CLANG_WARN_OBJC_LITERAL_CONVERSION = YES;
				CLANG_WARN_OBJC_ROOT_CLASS = YES_ERROR;
				CLANG_WARN_QUOTED_INCLUDE_IN_FRAMEWORK_HEADER = YES;
				CLANG_WARN_RANGE_LOOP_ANALYSIS = YES;
				CLANG_WARN_STRICT_PROTOTYPES = YES;
				CLANG_WARN_SUSPICIOUS_MOVE = YES;
				CLANG_WARN_UNGUARDED_AVAILABILITY = YES_AGGRESSIVE;
				CLANG_WARN_UNREACHABLE_CODE = YES;
				CLANG_WARN__DUPLICATE_METHOD_MATCH = YES;
				COPY_PHASE_STRIP = NO;
				DEBUG_INFORMATION_FORMAT = "dwarf-with-dsym";
				ENABLE_NS_ASSERTIONS = NO;
				ENABLE_STRICT_OBJC_MSGSEND = YES;
				GCC_C_LANGUAGE_STANDARD = gnu11;
				GCC_NO_COMMON_BLOCKS = YES;
				GCC_WARN_64_TO_32_BIT_CONVERSION = YES;
				GCC_WARN_ABOUT_RETURN_TYPE = YES_ERROR;
				GCC_WARN_UNDECLARED_SELECTOR = YES;
				GCC_WARN_UNINITIALIZED_AUTOS = YES_AGGRESSIVE;
				GCC_WARN_UNUSED_FUNCTION = YES;
				GCC_WARN_UNUSED_VARIABLE = YES;
				IPHONEOS_DEPLOYMENT_TARGET = 15.4;
				MTL_ENABLE_DEBUG_INFO = NO;
				MTL_FAST_MATH = YES;
				SDKROOT = iphoneos;
				SWIFT_COMPILATION_MODE = wholemodule;
				SWIFT_OPTIMIZATION_LEVEL = "-O";
				VALIDATE_PRODUCT = YES;
			};
			name = Release;
		};
		15C621482814592F005A13E7 /* Debug */ = {
			isa = XCBuildConfiguration;
			buildSettings = {
				ASSETCATALOG_COMPILER_APPICON_NAME = AppIcon;
				ASSETCATALOG_COMPILER_GLOBAL_ACCENT_COLOR_NAME = AccentColor;
				CODE_SIGN_STYLE = Automatic;
				CURRENT_PROJECT_VERSION = 1;
				DEVELOPMENT_TEAM = U295Q73645;
				GENERATE_INFOPLIST_FILE = YES;
				INFOPLIST_FILE = GoalPost/Info.plist;
				INFOPLIST_KEY_UIApplicationSupportsIndirectInputEvents = YES;
				INFOPLIST_KEY_UILaunchStoryboardName = LaunchScreen;
				INFOPLIST_KEY_UIMainStoryboardFile = Main;
				INFOPLIST_KEY_UISupportedInterfaceOrientations_iPad = "UIInterfaceOrientationPortrait UIInterfaceOrientationPortraitUpsideDown UIInterfaceOrientationLandscapeLeft UIInterfaceOrientationLandscapeRight";
				INFOPLIST_KEY_UISupportedInterfaceOrientations_iPhone = "UIInterfaceOrientationPortrait UIInterfaceOrientationLandscapeLeft UIInterfaceOrientationLandscapeRight";
				IPHONEOS_DEPLOYMENT_TARGET = 15.0;
				LD_RUNPATH_SEARCH_PATHS = (
					"$(inherited)",
					"@executable_path/Frameworks",
				);
				MARKETING_VERSION = 1.0;
				PRODUCT_BUNDLE_IDENTIFIER = com.moses.harding.GoalPost;
				PRODUCT_NAME = "$(TARGET_NAME)";
				SWIFT_EMIT_LOC_STRINGS = YES;
				SWIFT_VERSION = 5.0;
				TARGETED_DEVICE_FAMILY = "1,2";
			};
			name = Debug;
		};
		15C621492814592F005A13E7 /* Release */ = {
			isa = XCBuildConfiguration;
			buildSettings = {
				ASSETCATALOG_COMPILER_APPICON_NAME = AppIcon;
				ASSETCATALOG_COMPILER_GLOBAL_ACCENT_COLOR_NAME = AccentColor;
				CODE_SIGN_STYLE = Automatic;
				CURRENT_PROJECT_VERSION = 1;
				DEVELOPMENT_TEAM = U295Q73645;
				GENERATE_INFOPLIST_FILE = YES;
				INFOPLIST_FILE = GoalPost/Info.plist;
				INFOPLIST_KEY_UIApplicationSupportsIndirectInputEvents = YES;
				INFOPLIST_KEY_UILaunchStoryboardName = LaunchScreen;
				INFOPLIST_KEY_UIMainStoryboardFile = Main;
				INFOPLIST_KEY_UISupportedInterfaceOrientations_iPad = "UIInterfaceOrientationPortrait UIInterfaceOrientationPortraitUpsideDown UIInterfaceOrientationLandscapeLeft UIInterfaceOrientationLandscapeRight";
				INFOPLIST_KEY_UISupportedInterfaceOrientations_iPhone = "UIInterfaceOrientationPortrait UIInterfaceOrientationLandscapeLeft UIInterfaceOrientationLandscapeRight";
				IPHONEOS_DEPLOYMENT_TARGET = 15.0;
				LD_RUNPATH_SEARCH_PATHS = (
					"$(inherited)",
					"@executable_path/Frameworks",
				);
				MARKETING_VERSION = 1.0;
				PRODUCT_BUNDLE_IDENTIFIER = com.moses.harding.GoalPost;
				PRODUCT_NAME = "$(TARGET_NAME)";
				SWIFT_EMIT_LOC_STRINGS = YES;
				SWIFT_VERSION = 5.0;
				TARGETED_DEVICE_FAMILY = "1,2";
			};
			name = Release;
		};
/* End XCBuildConfiguration section */

/* Begin XCConfigurationList section */
		15C6212E2814592D005A13E7 /* Build configuration list for PBXProject "GoalPost" */ = {
			isa = XCConfigurationList;
			buildConfigurations = (
				15C621452814592F005A13E7 /* Debug */,
				15C621462814592F005A13E7 /* Release */,
			);
			defaultConfigurationIsVisible = 0;
			defaultConfigurationName = Release;
		};
		15C621472814592F005A13E7 /* Build configuration list for PBXNativeTarget "GoalPost" */ = {
			isa = XCConfigurationList;
			buildConfigurations = (
				15C621482814592F005A13E7 /* Debug */,
				15C621492814592F005A13E7 /* Release */,
			);
			defaultConfigurationIsVisible = 0;
			defaultConfigurationName = Release;
		};
/* End XCConfigurationList section */
	};
	rootObject = 15C6212B2814592D005A13E7 /* Project object */;
}
