// !$*UTF8*$!
{
	archiveVersion = 1;
	classes = {
	};
	objectVersion = 55;
	objects = {

/* Begin PBXBuildFile section */
		15175B6C28AAC05D0039994A /* MatchCell.swift in Sources */ = {isa = PBXBuildFile; fileRef = 15175B6928AAC05D0039994A /* MatchCell.swift */; };
		15175B6D28AAC05D0039994A /* MatchesContainerBodyStack.swift in Sources */ = {isa = PBXBuildFile; fileRef = 15175B6A28AAC05D0039994A /* MatchesContainerBodyStack.swift */; };
		15175B6E28AAC05D0039994A /* LeagueHeaderCell.swift in Sources */ = {isa = PBXBuildFile; fileRef = 15175B6B28AAC05D0039994A /* LeagueHeaderCell.swift */; };
		15175B7028AAC21E0039994A /* NSDiffableDataSourceSectionSnapshot.swift in Sources */ = {isa = PBXBuildFile; fileRef = 15175B6F28AAC21E0039994A /* NSDiffableDataSourceSectionSnapshot.swift */; };
		15175B7228AADFF70039994A /* TeamDataView.swift in Sources */ = {isa = PBXBuildFile; fileRef = 15175B7128AADFF70039994A /* TeamDataView.swift */; };
		15175B7728AAE0810039994A /* TeamDataViewController.swift in Sources */ = {isa = PBXBuildFile; fileRef = 15175B7628AAE0810039994A /* TeamDataViewController.swift */; };
		15175B7928AAE1840039994A /* TeamCollectionCell.swift in Sources */ = {isa = PBXBuildFile; fileRef = 15175B7828AAE1840039994A /* TeamCollectionCell.swift */; };
		1521B01028BF0D80003EC91D /* UpdateTimer.swift in Sources */ = {isa = PBXBuildFile; fileRef = 1521B00F28BF0D80003EC91D /* UpdateTimer.swift */; };
		1521B01328BF1279003EC91D /* LeagueDataViewController.swift in Sources */ = {isa = PBXBuildFile; fileRef = 1521B01228BF1279003EC91D /* LeagueDataViewController.swift */; };
		1521B01528BF12A1003EC91D /* LeagueDataView.swift in Sources */ = {isa = PBXBuildFile; fileRef = 1521B01428BF12A1003EC91D /* LeagueDataView.swift */; };
		1521B37528566C8C007C0BF3 /* TeamDataStackCellModel.swift in Sources */ = {isa = PBXBuildFile; fileRef = 1521B37428566C8C007C0BF3 /* TeamDataStackCellModel.swift */; };
		15275C7D282DA6810005565E /* TeamSearchViewController.swift in Sources */ = {isa = PBXBuildFile; fileRef = 15275C7C282DA6810005565E /* TeamSearchViewController.swift */; };
		15275C7F282DA6A90005565E /* TeamSearchView.swift in Sources */ = {isa = PBXBuildFile; fileRef = 15275C7E282DA6A90005565E /* TeamSearchView.swift */; };
		15275C81282DA7460005565E /* TeamSearchCell.swift in Sources */ = {isa = PBXBuildFile; fileRef = 15275C80282DA7460005565E /* TeamSearchCell.swift */; };
		152D2C2D28F9125E0075887C /* Get Events Structure.swift in Sources */ = {isa = PBXBuildFile; fileRef = 152D2C2C28F9125E0075887C /* Get Events Structure.swift */; };
		152D2C2F28F91D760075887C /* Get Events.swift in Sources */ = {isa = PBXBuildFile; fileRef = 152D2C2E28F91D760075887C /* Get Events.swift */; };
		152D2C3128F91F480075887C /* EventObject.swift in Sources */ = {isa = PBXBuildFile; fileRef = 152D2C3028F91F480075887C /* EventObject.swift */; };
		1533429D2846A393006EC083 /* TransferCollectionCell.swift in Sources */ = {isa = PBXBuildFile; fileRef = 1533429C2846A393006EC083 /* TransferCollectionCell.swift */; };
		1533429F2846AB48006EC083 /* TransferObject.swift in Sources */ = {isa = PBXBuildFile; fileRef = 1533429E2846AB48006EC083 /* TransferObject.swift */; };
		153342A12846ACB7006EC083 /* Get Transfers Structure.swift in Sources */ = {isa = PBXBuildFile; fileRef = 153342A02846ACB7006EC083 /* Get Transfers Structure.swift */; };
		153342A3284706E3006EC083 /* Get Transfers.swift in Sources */ = {isa = PBXBuildFile; fileRef = 153342A2284706E3006EC083 /* Get Transfers.swift */; };
		153376C42840777000C03610 /* GAD.swift in Sources */ = {isa = PBXBuildFile; fileRef = 153376C32840777000C03610 /* GAD.swift */; };
		15357FAE28FCB14F00A282F6 /* EventView.swift in Sources */ = {isa = PBXBuildFile; fileRef = 15357FAD28FCB14F00A282F6 /* EventView.swift */; };
		1536897E2839928D00BBDAE7 /* LeagueSearchCell.swift in Sources */ = {isa = PBXBuildFile; fileRef = 153689742839928D00BBDAE7 /* LeagueSearchCell.swift */; };
		1536897F2839928D00BBDAE7 /* LeagueSearchViewController.swift in Sources */ = {isa = PBXBuildFile; fileRef = 153689752839928D00BBDAE7 /* LeagueSearchViewController.swift */; };
		153689802839928D00BBDAE7 /* LeagueSearchView.swift in Sources */ = {isa = PBXBuildFile; fileRef = 153689762839928D00BBDAE7 /* LeagueSearchView.swift */; };
		153689812839928D00BBDAE7 /* Get Leagues Structure.swift in Sources */ = {isa = PBXBuildFile; fileRef = 153689782839928D00BBDAE7 /* Get Leagues Structure.swift */; };
		153689822839928D00BBDAE7 /* Get Leagues.swift in Sources */ = {isa = PBXBuildFile; fileRef = 153689792839928D00BBDAE7 /* Get Leagues.swift */; };
		153689832839928D00BBDAE7 /* LeagueCollectionCell.swift in Sources */ = {isa = PBXBuildFile; fileRef = 1536897B2839928D00BBDAE7 /* LeagueCollectionCell.swift */; };
		153689842839928D00BBDAE7 /* LeaguesView.swift in Sources */ = {isa = PBXBuildFile; fileRef = 1536897C2839928D00BBDAE7 /* LeaguesView.swift */; };
		153689852839928D00BBDAE7 /* LeaguesViewController.swift in Sources */ = {isa = PBXBuildFile; fileRef = 1536897D2839928D00BBDAE7 /* LeaguesViewController.swift */; };
		153A6BB92852FE7F00CC1154 /* Notes.rtf in Resources */ = {isa = PBXBuildFile; fileRef = 153A6BB82852FE7F00CC1154 /* Notes.rtf */; };
		153C21912845C631008CA2A5 /* TitleSupplementaryView.swift in Sources */ = {isa = PBXBuildFile; fileRef = 153C21902845C631008CA2A5 /* TitleSupplementaryView.swift */; };
		1548A15328236F3A00741179 /* Colors.swift in Sources */ = {isa = PBXBuildFile; fileRef = 1548A15228236F3A00741179 /* Colors.swift */; };
		1548A155282377D000741179 /* TestingManager.swift in Sources */ = {isa = PBXBuildFile; fileRef = 1548A154282377D000741179 /* TestingManager.swift */; };
		154DE3872857BBC7002C0BC4 /* PlayerCollectionCell.swift in Sources */ = {isa = PBXBuildFile; fileRef = 154DE3862857BBC7002C0BC4 /* PlayerCollectionCell.swift */; };
		154DE3892857BDD7002C0BC4 /* Get Squad Structure.swift in Sources */ = {isa = PBXBuildFile; fileRef = 154DE3882857BDD7002C0BC4 /* Get Squad Structure.swift */; };
		154DE38B2857C180002C0BC4 /* Get Squads.swift in Sources */ = {isa = PBXBuildFile; fileRef = 154DE38A2857C180002C0BC4 /* Get Squads.swift */; };
		15519C4928A6F5B7005875E9 /* MatchesView.swift in Sources */ = {isa = PBXBuildFile; fileRef = 15519C4828A6F5B7005875E9 /* MatchesView.swift */; };
		155CD95928445AC700F5C4CE /* PlayerObject.swift in Sources */ = {isa = PBXBuildFile; fileRef = 155CD95828445AC700F5C4CE /* PlayerObject.swift */; };
		155CD95B284460A200F5C4CE /* Get Injuries.swift in Sources */ = {isa = PBXBuildFile; fileRef = 155CD95A284460A200F5C4CE /* Get Injuries.swift */; };
		155CD95D2844641E00F5C4CE /* Get Injuries Structure.swift in Sources */ = {isa = PBXBuildFile; fileRef = 155CD95C2844641E00F5C4CE /* Get Injuries Structure.swift */; };
		155CD95F284465CF00F5C4CE /* InjuryObject.swift in Sources */ = {isa = PBXBuildFile; fileRef = 155CD95E284465CF00F5C4CE /* InjuryObject.swift */; };
		155CD9612844761D00F5C4CE /* Dictionary.swift in Sources */ = {isa = PBXBuildFile; fileRef = 155CD9602844761D00F5C4CE /* Dictionary.swift */; };
		155CD96328447CB600F5C4CE /* DataFetcher.swift in Sources */ = {isa = PBXBuildFile; fileRef = 155CD96228447CB600F5C4CE /* DataFetcher.swift */; };
		155CD9652844806700F5C4CE /* InjuryCollectionCell.swift in Sources */ = {isa = PBXBuildFile; fileRef = 155CD9642844806700F5C4CE /* InjuryCollectionCell.swift */; };
		155CD96728453B3900F5C4CE /* DEPRECATEDTeamDataStack.swift in Sources */ = {isa = PBXBuildFile; fileRef = 155CD96628453B3900F5C4CE /* DEPRECATEDTeamDataStack.swift */; };
		155CD96D284577F800F5C4CE /* Types.swift in Sources */ = {isa = PBXBuildFile; fileRef = 155CD96C284577F800F5C4CE /* Types.swift */; };
		155CD97128457F1D00F5C4CE /* MatchCollectionCell.swift in Sources */ = {isa = PBXBuildFile; fileRef = 155CD97028457F1D00F5C4CE /* MatchCollectionCell.swift */; };
		155CD97328458FBF00F5C4CE /* ObjectContainer.swift in Sources */ = {isa = PBXBuildFile; fileRef = 155CD97228458FBF00F5C4CE /* ObjectContainer.swift */; };
		156239162834961200C39EB0 /* GoogleMobileAds in Frameworks */ = {isa = PBXBuildFile; productRef = 156239152834961200C39EB0 /* GoogleMobileAds */; };
		1578B84F282217AC00B71838 /* Get Matches Structure.swift in Sources */ = {isa = PBXBuildFile; fileRef = 1578B84E282217AC00B71838 /* Get Matches Structure.swift */; };
		1578B85128222B7200B71838 /* Protocols.swift in Sources */ = {isa = PBXBuildFile; fileRef = 1578B85028222B7200B71838 /* Protocols.swift */; };
		1578B8532822D98000B71838 /* Cached.swift in Sources */ = {isa = PBXBuildFile; fileRef = 1578B8522822D98000B71838 /* Cached.swift */; };
		1581E377282B546500BC39FA /* TeamsViewController.swift in Sources */ = {isa = PBXBuildFile; fileRef = 1581E376282B546500BC39FA /* TeamsViewController.swift */; };
		1581E379282B549600BC39FA /* TeamsView.swift in Sources */ = {isa = PBXBuildFile; fileRef = 1581E378282B549600BC39FA /* TeamsView.swift */; };
		1585B1242898649A008DF519 /* Keys.swift in Sources */ = {isa = PBXBuildFile; fileRef = 1585B1232898649A008DF519 /* Keys.swift */; };
		158B5AA0284EC836007F1989 /* MatchesSectionDataContainer.swift in Sources */ = {isa = PBXBuildFile; fileRef = 158B5A9F284EC834007F1989 /* MatchesSectionDataContainer.swift */; };
		15A74164283DF5F30054BAD4 /* TeamObject.swift in Sources */ = {isa = PBXBuildFile; fileRef = 15A74163283DF5F30054BAD4 /* TeamObject.swift */; };
		15A74166283DF6120054BAD4 /* MatchObject.swift in Sources */ = {isa = PBXBuildFile; fileRef = 15A74165283DF6120054BAD4 /* MatchObject.swift */; };
		15A74168283DF6490054BAD4 /* LeagueObject.swift in Sources */ = {isa = PBXBuildFile; fileRef = 15A74167283DF6490054BAD4 /* LeagueObject.swift */; };
		15A7416A283DF6540054BAD4 /* Ad.swift in Sources */ = {isa = PBXBuildFile; fileRef = 15A74169283DF6540054BAD4 /* Ad.swift */; };
		15A7416D283DF71E0054BAD4 /* Web Service Call Object.swift in Sources */ = {isa = PBXBuildFile; fileRef = 15A7416C283DF71E0054BAD4 /* Web Service Call Object.swift */; };
		15A99FF028C1ACAD00BC6D85 /* LeagueDateCardCell.swift in Sources */ = {isa = PBXBuildFile; fileRef = 15A99FEF28C1ACAD00BC6D85 /* LeagueDateCardCell.swift */; };
		15A99FF228C1B9EA00BC6D85 /* LeagueDateObject.swift in Sources */ = {isa = PBXBuildFile; fileRef = 15A99FF128C1B9EA00BC6D85 /* LeagueDateObject.swift */; };
		15AB70A228F52BA60046BB0D /* MatchDataViewController.swift in Sources */ = {isa = PBXBuildFile; fileRef = 15AB70A128F52BA60046BB0D /* MatchDataViewController.swift */; };
		15AB70A428F52BF10046BB0D /* MatchDataView.swift in Sources */ = {isa = PBXBuildFile; fileRef = 15AB70A328F52BF10046BB0D /* MatchDataView.swift */; };
		15C01FED28AE93F50046501B /* UIImage.swift in Sources */ = {isa = PBXBuildFile; fileRef = 15C01FEC28AE93F50046501B /* UIImage.swift */; };
		15C621372814592D005A13E7 /* AppDelegate.swift in Sources */ = {isa = PBXBuildFile; fileRef = 15C621362814592D005A13E7 /* AppDelegate.swift */; };
		15C621392814592D005A13E7 /* SceneDelegate.swift in Sources */ = {isa = PBXBuildFile; fileRef = 15C621382814592D005A13E7 /* SceneDelegate.swift */; };
		15C6213B2814592D005A13E7 /* MatchesViewController.swift in Sources */ = {isa = PBXBuildFile; fileRef = 15C6213A2814592D005A13E7 /* MatchesViewController.swift */; };
		15C6213E2814592D005A13E7 /* Main.storyboard in Resources */ = {isa = PBXBuildFile; fileRef = 15C6213C2814592D005A13E7 /* Main.storyboard */; };
		15C621402814592F005A13E7 /* Assets.xcassets in Resources */ = {isa = PBXBuildFile; fileRef = 15C6213F2814592F005A13E7 /* Assets.xcassets */; };
		15C621432814592F005A13E7 /* LaunchScreen.storyboard in Resources */ = {isa = PBXBuildFile; fileRef = 15C621412814592F005A13E7 /* LaunchScreen.storyboard */; };
		15C6215028145A01005A13E7 /* Enums.swift in Sources */ = {isa = PBXBuildFile; fileRef = 15C6214F28145A01005A13E7 /* Enums.swift */; };
		15C6215428145A2C005A13E7 /* Get Matches.swift in Sources */ = {isa = PBXBuildFile; fileRef = 15C6215328145A2C005A13E7 /* Get Matches.swift */; };
		15C6215828145A62005A13E7 /* DEPRECATEDMatchCell.swift in Sources */ = {isa = PBXBuildFile; fileRef = 15C6215728145A62005A13E7 /* DEPRECATEDMatchCell.swift */; };
		15C6215A28145A7A005A13E7 /* UIStackView.swift in Sources */ = {isa = PBXBuildFile; fileRef = 15C6215928145A7A005A13E7 /* UIStackView.swift */; };
		15C6215C28145A97005A13E7 /* UIView.swift in Sources */ = {isa = PBXBuildFile; fileRef = 15C6215B28145A97005A13E7 /* UIView.swift */; };
		15C6215E281460C9005A13E7 /* LeagueCell.swift in Sources */ = {isa = PBXBuildFile; fileRef = 15C6215D281460C9005A13E7 /* LeagueCell.swift */; };
		15C6216028146379005A13E7 /* Custom Classes.swift in Sources */ = {isa = PBXBuildFile; fileRef = 15C6215F28146379005A13E7 /* Custom Classes.swift */; };
		15D01B12282C3C7C003BDB30 /* RootController.swift in Sources */ = {isa = PBXBuildFile; fileRef = 15D01B11282C3C7C003BDB30 /* RootController.swift */; };
		15D01B14282C5837003BDB30 /* Get Teams Structure.swift in Sources */ = {isa = PBXBuildFile; fileRef = 15D01B13282C5837003BDB30 /* Get Teams Structure.swift */; };
		15D01B18282CA285003BDB30 /* Get Teams.swift in Sources */ = {isa = PBXBuildFile; fileRef = 15D01B17282CA285003BDB30 /* Get Teams.swift */; };
		15DAA8E228284953005492F0 /* Date.swift in Sources */ = {isa = PBXBuildFile; fileRef = 15DAA8E128284953005492F0 /* Date.swift */; };
		15DAA8E428285260005492F0 /* String.swift in Sources */ = {isa = PBXBuildFile; fileRef = 15DAA8E328285260005492F0 /* String.swift */; };
		15E6B11E2833F5B70038345A /* AdCell.swift in Sources */ = {isa = PBXBuildFile; fileRef = 15E6B11D2833F5B70038345A /* AdCell.swift */; };
		15FE14672833213000DAB2A0 /* DEPRECATEDTeamCollectionCell.swift in Sources */ = {isa = PBXBuildFile; fileRef = 15FE14662833213000DAB2A0 /* DEPRECATEDTeamCollectionCell.swift */; };
/* End PBXBuildFile section */

/* Begin PBXFileReference section */
		15175B6928AAC05D0039994A /* MatchCell.swift */ = {isa = PBXFileReference; fileEncoding = 4; lastKnownFileType = sourcecode.swift; path = MatchCell.swift; sourceTree = "<group>"; };
		15175B6A28AAC05D0039994A /* MatchesContainerBodyStack.swift */ = {isa = PBXFileReference; fileEncoding = 4; lastKnownFileType = sourcecode.swift; path = MatchesContainerBodyStack.swift; sourceTree = "<group>"; };
		15175B6B28AAC05D0039994A /* LeagueHeaderCell.swift */ = {isa = PBXFileReference; fileEncoding = 4; lastKnownFileType = sourcecode.swift; path = LeagueHeaderCell.swift; sourceTree = "<group>"; };
		15175B6F28AAC21E0039994A /* NSDiffableDataSourceSectionSnapshot.swift */ = {isa = PBXFileReference; lastKnownFileType = sourcecode.swift; path = NSDiffableDataSourceSectionSnapshot.swift; sourceTree = "<group>"; };
		15175B7128AADFF70039994A /* TeamDataView.swift */ = {isa = PBXFileReference; lastKnownFileType = sourcecode.swift; path = TeamDataView.swift; sourceTree = "<group>"; };
		15175B7628AAE0810039994A /* TeamDataViewController.swift */ = {isa = PBXFileReference; lastKnownFileType = sourcecode.swift; path = TeamDataViewController.swift; sourceTree = "<group>"; };
		15175B7828AAE1840039994A /* TeamCollectionCell.swift */ = {isa = PBXFileReference; lastKnownFileType = sourcecode.swift; path = TeamCollectionCell.swift; sourceTree = "<group>"; };
		1521B00F28BF0D80003EC91D /* UpdateTimer.swift */ = {isa = PBXFileReference; lastKnownFileType = sourcecode.swift; path = UpdateTimer.swift; sourceTree = "<group>"; };
		1521B01228BF1279003EC91D /* LeagueDataViewController.swift */ = {isa = PBXFileReference; lastKnownFileType = sourcecode.swift; path = LeagueDataViewController.swift; sourceTree = "<group>"; };
		1521B01428BF12A1003EC91D /* LeagueDataView.swift */ = {isa = PBXFileReference; lastKnownFileType = sourcecode.swift; path = LeagueDataView.swift; sourceTree = "<group>"; };
		1521B37428566C8C007C0BF3 /* TeamDataStackCellModel.swift */ = {isa = PBXFileReference; lastKnownFileType = sourcecode.swift; path = TeamDataStackCellModel.swift; sourceTree = "<group>"; };
		15275C7C282DA6810005565E /* TeamSearchViewController.swift */ = {isa = PBXFileReference; lastKnownFileType = sourcecode.swift; path = TeamSearchViewController.swift; sourceTree = "<group>"; };
		15275C7E282DA6A90005565E /* TeamSearchView.swift */ = {isa = PBXFileReference; lastKnownFileType = sourcecode.swift; path = TeamSearchView.swift; sourceTree = "<group>"; };
		15275C80282DA7460005565E /* TeamSearchCell.swift */ = {isa = PBXFileReference; lastKnownFileType = sourcecode.swift; path = TeamSearchCell.swift; sourceTree = "<group>"; };
		152D2C2C28F9125E0075887C /* Get Events Structure.swift */ = {isa = PBXFileReference; lastKnownFileType = sourcecode.swift; path = "Get Events Structure.swift"; sourceTree = "<group>"; };
		152D2C2E28F91D760075887C /* Get Events.swift */ = {isa = PBXFileReference; lastKnownFileType = sourcecode.swift; path = "Get Events.swift"; sourceTree = "<group>"; };
		152D2C3028F91F480075887C /* EventObject.swift */ = {isa = PBXFileReference; lastKnownFileType = sourcecode.swift; path = EventObject.swift; sourceTree = "<group>"; };
		1533429C2846A393006EC083 /* TransferCollectionCell.swift */ = {isa = PBXFileReference; lastKnownFileType = sourcecode.swift; path = TransferCollectionCell.swift; sourceTree = "<group>"; };
		1533429E2846AB48006EC083 /* TransferObject.swift */ = {isa = PBXFileReference; lastKnownFileType = sourcecode.swift; path = TransferObject.swift; sourceTree = "<group>"; };
		153342A02846ACB7006EC083 /* Get Transfers Structure.swift */ = {isa = PBXFileReference; lastKnownFileType = sourcecode.swift; path = "Get Transfers Structure.swift"; sourceTree = "<group>"; };
		153342A2284706E3006EC083 /* Get Transfers.swift */ = {isa = PBXFileReference; lastKnownFileType = sourcecode.swift; path = "Get Transfers.swift"; sourceTree = "<group>"; };
		153376C32840777000C03610 /* GAD.swift */ = {isa = PBXFileReference; lastKnownFileType = sourcecode.swift; path = GAD.swift; sourceTree = "<group>"; };
		15357FAD28FCB14F00A282F6 /* EventView.swift */ = {isa = PBXFileReference; lastKnownFileType = sourcecode.swift; path = EventView.swift; sourceTree = "<group>"; };
		153689742839928D00BBDAE7 /* LeagueSearchCell.swift */ = {isa = PBXFileReference; fileEncoding = 4; lastKnownFileType = sourcecode.swift; path = LeagueSearchCell.swift; sourceTree = "<group>"; };
		153689752839928D00BBDAE7 /* LeagueSearchViewController.swift */ = {isa = PBXFileReference; fileEncoding = 4; lastKnownFileType = sourcecode.swift; path = LeagueSearchViewController.swift; sourceTree = "<group>"; };
		153689762839928D00BBDAE7 /* LeagueSearchView.swift */ = {isa = PBXFileReference; fileEncoding = 4; lastKnownFileType = sourcecode.swift; path = LeagueSearchView.swift; sourceTree = "<group>"; };
		153689782839928D00BBDAE7 /* Get Leagues Structure.swift */ = {isa = PBXFileReference; fileEncoding = 4; lastKnownFileType = sourcecode.swift; path = "Get Leagues Structure.swift"; sourceTree = "<group>"; };
		153689792839928D00BBDAE7 /* Get Leagues.swift */ = {isa = PBXFileReference; fileEncoding = 4; lastKnownFileType = sourcecode.swift; path = "Get Leagues.swift"; sourceTree = "<group>"; };
		1536897B2839928D00BBDAE7 /* LeagueCollectionCell.swift */ = {isa = PBXFileReference; fileEncoding = 4; lastKnownFileType = sourcecode.swift; path = LeagueCollectionCell.swift; sourceTree = "<group>"; };
		1536897C2839928D00BBDAE7 /* LeaguesView.swift */ = {isa = PBXFileReference; fileEncoding = 4; lastKnownFileType = sourcecode.swift; path = LeaguesView.swift; sourceTree = "<group>"; };
		1536897D2839928D00BBDAE7 /* LeaguesViewController.swift */ = {isa = PBXFileReference; fileEncoding = 4; lastKnownFileType = sourcecode.swift; path = LeaguesViewController.swift; sourceTree = "<group>"; };
		153A6BB82852FE7F00CC1154 /* Notes.rtf */ = {isa = PBXFileReference; lastKnownFileType = text.rtf; path = Notes.rtf; sourceTree = "<group>"; };
		153C21902845C631008CA2A5 /* TitleSupplementaryView.swift */ = {isa = PBXFileReference; lastKnownFileType = sourcecode.swift; path = TitleSupplementaryView.swift; sourceTree = "<group>"; };
		1548A15228236F3A00741179 /* Colors.swift */ = {isa = PBXFileReference; lastKnownFileType = sourcecode.swift; path = Colors.swift; sourceTree = "<group>"; xcLanguageSpecificationIdentifier = xcode.lang.swift; };
		1548A154282377D000741179 /* TestingManager.swift */ = {isa = PBXFileReference; lastKnownFileType = sourcecode.swift; path = TestingManager.swift; sourceTree = "<group>"; };
		154DE3862857BBC7002C0BC4 /* PlayerCollectionCell.swift */ = {isa = PBXFileReference; lastKnownFileType = sourcecode.swift; path = PlayerCollectionCell.swift; sourceTree = "<group>"; };
		154DE3882857BDD7002C0BC4 /* Get Squad Structure.swift */ = {isa = PBXFileReference; lastKnownFileType = sourcecode.swift; path = "Get Squad Structure.swift"; sourceTree = "<group>"; };
		154DE38A2857C180002C0BC4 /* Get Squads.swift */ = {isa = PBXFileReference; lastKnownFileType = sourcecode.swift; path = "Get Squads.swift"; sourceTree = "<group>"; };
		15519C4828A6F5B7005875E9 /* MatchesView.swift */ = {isa = PBXFileReference; lastKnownFileType = sourcecode.swift; path = MatchesView.swift; sourceTree = "<group>"; };
		155CD95828445AC700F5C4CE /* PlayerObject.swift */ = {isa = PBXFileReference; lastKnownFileType = sourcecode.swift; path = PlayerObject.swift; sourceTree = "<group>"; };
		155CD95A284460A200F5C4CE /* Get Injuries.swift */ = {isa = PBXFileReference; lastKnownFileType = sourcecode.swift; path = "Get Injuries.swift"; sourceTree = "<group>"; };
		155CD95C2844641E00F5C4CE /* Get Injuries Structure.swift */ = {isa = PBXFileReference; lastKnownFileType = sourcecode.swift; path = "Get Injuries Structure.swift"; sourceTree = "<group>"; };
		155CD95E284465CF00F5C4CE /* InjuryObject.swift */ = {isa = PBXFileReference; lastKnownFileType = sourcecode.swift; path = InjuryObject.swift; sourceTree = "<group>"; };
		155CD9602844761D00F5C4CE /* Dictionary.swift */ = {isa = PBXFileReference; lastKnownFileType = sourcecode.swift; path = Dictionary.swift; sourceTree = "<group>"; };
		155CD96228447CB600F5C4CE /* DataFetcher.swift */ = {isa = PBXFileReference; lastKnownFileType = sourcecode.swift; path = DataFetcher.swift; sourceTree = "<group>"; };
		155CD9642844806700F5C4CE /* InjuryCollectionCell.swift */ = {isa = PBXFileReference; lastKnownFileType = sourcecode.swift; path = InjuryCollectionCell.swift; sourceTree = "<group>"; };
		155CD96628453B3900F5C4CE /* DEPRECATEDTeamDataStack.swift */ = {isa = PBXFileReference; lastKnownFileType = sourcecode.swift; path = DEPRECATEDTeamDataStack.swift; sourceTree = "<group>"; };
		155CD96C284577F800F5C4CE /* Types.swift */ = {isa = PBXFileReference; lastKnownFileType = sourcecode.swift; path = Types.swift; sourceTree = "<group>"; };
		155CD97028457F1D00F5C4CE /* MatchCollectionCell.swift */ = {isa = PBXFileReference; lastKnownFileType = sourcecode.swift; path = MatchCollectionCell.swift; sourceTree = "<group>"; };
		155CD97228458FBF00F5C4CE /* ObjectContainer.swift */ = {isa = PBXFileReference; lastKnownFileType = sourcecode.swift; path = ObjectContainer.swift; sourceTree = "<group>"; };
		1578B84E282217AC00B71838 /* Get Matches Structure.swift */ = {isa = PBXFileReference; lastKnownFileType = sourcecode.swift; path = "Get Matches Structure.swift"; sourceTree = "<group>"; };
		1578B85028222B7200B71838 /* Protocols.swift */ = {isa = PBXFileReference; lastKnownFileType = sourcecode.swift; path = Protocols.swift; sourceTree = "<group>"; };
		1578B8522822D98000B71838 /* Cached.swift */ = {isa = PBXFileReference; lastKnownFileType = sourcecode.swift; path = Cached.swift; sourceTree = "<group>"; };
		1581E376282B546500BC39FA /* TeamsViewController.swift */ = {isa = PBXFileReference; lastKnownFileType = sourcecode.swift; path = TeamsViewController.swift; sourceTree = "<group>"; };
		1581E378282B549600BC39FA /* TeamsView.swift */ = {isa = PBXFileReference; lastKnownFileType = sourcecode.swift; path = TeamsView.swift; sourceTree = "<group>"; };
		1585B1232898649A008DF519 /* Keys.swift */ = {isa = PBXFileReference; fileEncoding = 4; lastKnownFileType = sourcecode.swift; path = Keys.swift; sourceTree = "<group>"; };
		158B5A9F284EC834007F1989 /* MatchesSectionDataContainer.swift */ = {isa = PBXFileReference; lastKnownFileType = sourcecode.swift; path = MatchesSectionDataContainer.swift; sourceTree = "<group>"; };
		15A74163283DF5F30054BAD4 /* TeamObject.swift */ = {isa = PBXFileReference; lastKnownFileType = sourcecode.swift; path = TeamObject.swift; sourceTree = "<group>"; };
		15A74165283DF6120054BAD4 /* MatchObject.swift */ = {isa = PBXFileReference; lastKnownFileType = sourcecode.swift; path = MatchObject.swift; sourceTree = "<group>"; };
		15A74167283DF6490054BAD4 /* LeagueObject.swift */ = {isa = PBXFileReference; lastKnownFileType = sourcecode.swift; path = LeagueObject.swift; sourceTree = "<group>"; };
		15A74169283DF6540054BAD4 /* Ad.swift */ = {isa = PBXFileReference; lastKnownFileType = sourcecode.swift; path = Ad.swift; sourceTree = "<group>"; };
		15A7416C283DF71E0054BAD4 /* Web Service Call Object.swift */ = {isa = PBXFileReference; lastKnownFileType = sourcecode.swift; path = "Web Service Call Object.swift"; sourceTree = "<group>"; };
		15A99FEF28C1ACAD00BC6D85 /* LeagueDateCardCell.swift */ = {isa = PBXFileReference; lastKnownFileType = sourcecode.swift; path = LeagueDateCardCell.swift; sourceTree = "<group>"; };
		15A99FF128C1B9EA00BC6D85 /* LeagueDateObject.swift */ = {isa = PBXFileReference; lastKnownFileType = sourcecode.swift; path = LeagueDateObject.swift; sourceTree = "<group>"; };
		15AB70A128F52BA60046BB0D /* MatchDataViewController.swift */ = {isa = PBXFileReference; lastKnownFileType = sourcecode.swift; path = MatchDataViewController.swift; sourceTree = "<group>"; };
		15AB70A328F52BF10046BB0D /* MatchDataView.swift */ = {isa = PBXFileReference; lastKnownFileType = sourcecode.swift; path = MatchDataView.swift; sourceTree = "<group>"; };
		15C01FEC28AE93F50046501B /* UIImage.swift */ = {isa = PBXFileReference; lastKnownFileType = sourcecode.swift; path = UIImage.swift; sourceTree = "<group>"; };
		15C621332814592D005A13E7 /* GoalPost.app */ = {isa = PBXFileReference; explicitFileType = wrapper.application; includeInIndex = 0; path = GoalPost.app; sourceTree = BUILT_PRODUCTS_DIR; };
		15C621362814592D005A13E7 /* AppDelegate.swift */ = {isa = PBXFileReference; lastKnownFileType = sourcecode.swift; path = AppDelegate.swift; sourceTree = "<group>"; };
		15C621382814592D005A13E7 /* SceneDelegate.swift */ = {isa = PBXFileReference; lastKnownFileType = sourcecode.swift; path = SceneDelegate.swift; sourceTree = "<group>"; };
		15C6213A2814592D005A13E7 /* MatchesViewController.swift */ = {isa = PBXFileReference; lastKnownFileType = sourcecode.swift; path = MatchesViewController.swift; sourceTree = "<group>"; };
		15C6213D2814592D005A13E7 /* Base */ = {isa = PBXFileReference; lastKnownFileType = file.storyboard; name = Base; path = Base.lproj/Main.storyboard; sourceTree = "<group>"; };
		15C6213F2814592F005A13E7 /* Assets.xcassets */ = {isa = PBXFileReference; lastKnownFileType = folder.assetcatalog; path = Assets.xcassets; sourceTree = "<group>"; };
		15C621422814592F005A13E7 /* Base */ = {isa = PBXFileReference; lastKnownFileType = file.storyboard; name = Base; path = Base.lproj/LaunchScreen.storyboard; sourceTree = "<group>"; };
		15C621442814592F005A13E7 /* Info.plist */ = {isa = PBXFileReference; lastKnownFileType = text.plist.xml; path = Info.plist; sourceTree = "<group>"; };
		15C6214F28145A01005A13E7 /* Enums.swift */ = {isa = PBXFileReference; lastKnownFileType = sourcecode.swift; path = Enums.swift; sourceTree = "<group>"; };
		15C6215328145A2C005A13E7 /* Get Matches.swift */ = {isa = PBXFileReference; lastKnownFileType = sourcecode.swift; path = "Get Matches.swift"; sourceTree = "<group>"; };
		15C6215528145A48005A13E7 /* DeprecatedMatchesView.swift */ = {isa = PBXFileReference; lastKnownFileType = sourcecode.swift; path = DeprecatedMatchesView.swift; sourceTree = "<group>"; };
		15C6215728145A62005A13E7 /* DEPRECATEDMatchCell.swift */ = {isa = PBXFileReference; lastKnownFileType = sourcecode.swift; path = DEPRECATEDMatchCell.swift; sourceTree = "<group>"; };
		15C6215928145A7A005A13E7 /* UIStackView.swift */ = {isa = PBXFileReference; lastKnownFileType = sourcecode.swift; path = UIStackView.swift; sourceTree = "<group>"; };
		15C6215B28145A97005A13E7 /* UIView.swift */ = {isa = PBXFileReference; lastKnownFileType = sourcecode.swift; path = UIView.swift; sourceTree = "<group>"; };
		15C6215D281460C9005A13E7 /* LeagueCell.swift */ = {isa = PBXFileReference; lastKnownFileType = sourcecode.swift; path = LeagueCell.swift; sourceTree = "<group>"; };
		15C6215F28146379005A13E7 /* Custom Classes.swift */ = {isa = PBXFileReference; lastKnownFileType = sourcecode.swift; path = "Custom Classes.swift"; sourceTree = "<group>"; };
		15D01B11282C3C7C003BDB30 /* RootController.swift */ = {isa = PBXFileReference; lastKnownFileType = sourcecode.swift; path = RootController.swift; sourceTree = "<group>"; };
		15D01B13282C5837003BDB30 /* Get Teams Structure.swift */ = {isa = PBXFileReference; lastKnownFileType = sourcecode.swift; path = "Get Teams Structure.swift"; sourceTree = "<group>"; };
		15D01B17282CA285003BDB30 /* Get Teams.swift */ = {isa = PBXFileReference; lastKnownFileType = sourcecode.swift; path = "Get Teams.swift"; sourceTree = "<group>"; };
		15DAA8E128284953005492F0 /* Date.swift */ = {isa = PBXFileReference; lastKnownFileType = sourcecode.swift; path = Date.swift; sourceTree = "<group>"; };
		15DAA8E328285260005492F0 /* String.swift */ = {isa = PBXFileReference; lastKnownFileType = sourcecode.swift; path = String.swift; sourceTree = "<group>"; };
		15E6B11D2833F5B70038345A /* AdCell.swift */ = {isa = PBXFileReference; lastKnownFileType = sourcecode.swift; path = AdCell.swift; sourceTree = "<group>"; };
		15FE14662833213000DAB2A0 /* DEPRECATEDTeamCollectionCell.swift */ = {isa = PBXFileReference; lastKnownFileType = sourcecode.swift; path = DEPRECATEDTeamCollectionCell.swift; sourceTree = "<group>"; };
/* End PBXFileReference section */

/* Begin PBXFrameworksBuildPhase section */
		15C621302814592D005A13E7 /* Frameworks */ = {
			isa = PBXFrameworksBuildPhase;
			buildActionMask = 2147483647;
			files = (
				156239162834961200C39EB0 /* GoogleMobileAds in Frameworks */,
			);
			runOnlyForDeploymentPostprocessing = 0;
		};
/* End PBXFrameworksBuildPhase section */

/* Begin PBXGroup section */
		15175B7528AAE0380039994A /* TeamDataView */ = {
			isa = PBXGroup;
			children = (
				15175B7828AAE1840039994A /* TeamCollectionCell.swift */,
				15175B7128AADFF70039994A /* TeamDataView.swift */,
				15175B7628AAE0810039994A /* TeamDataViewController.swift */,
			);
			path = TeamDataView;
			sourceTree = "<group>";
		};
		15175B7A28AAE6520039994A /* Deprecated */ = {
			isa = PBXGroup;
			children = (
				15C6214B2814598E005A13E7 /* MatchesCollectionView */,
				15C6215528145A48005A13E7 /* DeprecatedMatchesView.swift */,
				155CD96628453B3900F5C4CE /* DEPRECATEDTeamDataStack.swift */,
				15FE14662833213000DAB2A0 /* DEPRECATEDTeamCollectionCell.swift */,
			);
			path = Deprecated;
			sourceTree = "<group>";
		};
		1521B01128BF124B003EC91D /* LeagueDataView */ = {
			isa = PBXGroup;
			children = (
				1521B01228BF1279003EC91D /* LeagueDataViewController.swift */,
				1521B01428BF12A1003EC91D /* LeagueDataView.swift */,
				15A99FEF28C1ACAD00BC6D85 /* LeagueDateCardCell.swift */,
			);
			path = LeagueDataView;
			sourceTree = "<group>";
		};
		15275C87282DA9610005565E /* Team Search View */ = {
			isa = PBXGroup;
			children = (
				15275C7C282DA6810005565E /* TeamSearchViewController.swift */,
				15275C7E282DA6A90005565E /* TeamSearchView.swift */,
				15275C80282DA7460005565E /* TeamSearchCell.swift */,
			);
			path = "Team Search View";
			sourceTree = "<group>";
		};
		153689712839928D00BBDAE7 /* Leagues View */ = {
			isa = PBXGroup;
			children = (
				1521B01128BF124B003EC91D /* LeagueDataView */,
				1536897D2839928D00BBDAE7 /* LeaguesViewController.swift */,
				1536897C2839928D00BBDAE7 /* LeaguesView.swift */,
				1536897B2839928D00BBDAE7 /* LeagueCollectionCell.swift */,
				153689722839928D00BBDAE7 /* League Search View */,
			);
			path = "Leagues View";
			sourceTree = "<group>";
		};
		153689722839928D00BBDAE7 /* League Search View */ = {
			isa = PBXGroup;
			children = (
				153689742839928D00BBDAE7 /* LeagueSearchCell.swift */,
				153689752839928D00BBDAE7 /* LeagueSearchViewController.swift */,
				153689762839928D00BBDAE7 /* LeagueSearchView.swift */,
			);
			path = "League Search View";
			sourceTree = "<group>";
		};
		15519C4A28A6F834005875E9 /* MatchesContainerCell */ = {
			isa = PBXGroup;
			children = (
				15175B6B28AAC05D0039994A /* LeagueHeaderCell.swift */,
				15175B6928AAC05D0039994A /* MatchCell.swift */,
				15175B6A28AAC05D0039994A /* MatchesContainerBodyStack.swift */,
			);
			path = MatchesContainerCell;
			sourceTree = "<group>";
		};
		155CD96B28455AC900F5C4CE /* Team Data Collection Cell */ = {
			isa = PBXGroup;
			children = (
				153C21902845C631008CA2A5 /* TitleSupplementaryView.swift */,
				1521B37428566C8C007C0BF3 /* TeamDataStackCellModel.swift */,
				155CD97028457F1D00F5C4CE /* MatchCollectionCell.swift */,
				1533429C2846A393006EC083 /* TransferCollectionCell.swift */,
				155CD9642844806700F5C4CE /* InjuryCollectionCell.swift */,
				154DE3862857BBC7002C0BC4 /* PlayerCollectionCell.swift */,
			);
			path = "Team Data Collection Cell";
			sourceTree = "<group>";
		};
		1581E374282B52C500BC39FA /* Matches View */ = {
			isa = PBXGroup;
			children = (
				15C6213A2814592D005A13E7 /* MatchesViewController.swift */,
				15519C4828A6F5B7005875E9 /* MatchesView.swift */,
				15519C4A28A6F834005875E9 /* MatchesContainerCell */,
			);
			path = "Matches View";
			sourceTree = "<group>";
		};
		1581E375282B534F00BC39FA /* Teams View */ = {
			isa = PBXGroup;
			children = (
				1581E376282B546500BC39FA /* TeamsViewController.swift */,
				1581E378282B549600BC39FA /* TeamsView.swift */,
				15175B7528AAE0380039994A /* TeamDataView */,
				155CD96B28455AC900F5C4CE /* Team Data Collection Cell */,
				15275C87282DA9610005565E /* Team Search View */,
			);
			path = "Teams View";
			sourceTree = "<group>";
		};
		15A7415E283DF29A0054BAD4 /* Data Model */ = {
			isa = PBXGroup;
			children = (
				15A74162283DF5DD0054BAD4 /* Data Structures */,
				15A7416B283DF6A30054BAD4 /* Web Service Calls */,
				15A74161283DF5740054BAD4 /* JSON Structures */,
			);
			path = "Data Model";
			sourceTree = "<group>";
		};
		15A74161283DF5740054BAD4 /* JSON Structures */ = {
			isa = PBXGroup;
			children = (
				155CD95C2844641E00F5C4CE /* Get Injuries Structure.swift */,
				153689782839928D00BBDAE7 /* Get Leagues Structure.swift */,
				1578B84E282217AC00B71838 /* Get Matches Structure.swift */,
				15D01B13282C5837003BDB30 /* Get Teams Structure.swift */,
				153342A02846ACB7006EC083 /* Get Transfers Structure.swift */,
				154DE3882857BDD7002C0BC4 /* Get Squad Structure.swift */,
				152D2C2C28F9125E0075887C /* Get Events Structure.swift */,
			);
			path = "JSON Structures";
			sourceTree = "<group>";
		};
		15A74162283DF5DD0054BAD4 /* Data Structures */ = {
			isa = PBXGroup;
			children = (
				15A74169283DF6540054BAD4 /* Ad.swift */,
				155CD95E284465CF00F5C4CE /* InjuryObject.swift */,
				152D2C3028F91F480075887C /* EventObject.swift */,
				15A99FF128C1B9EA00BC6D85 /* LeagueDateObject.swift */,
				15A74167283DF6490054BAD4 /* LeagueObject.swift */,
				15A74165283DF6120054BAD4 /* MatchObject.swift */,
				158B5A9F284EC834007F1989 /* MatchesSectionDataContainer.swift */,
				155CD97228458FBF00F5C4CE /* ObjectContainer.swift */,
				155CD95828445AC700F5C4CE /* PlayerObject.swift */,
				15A74163283DF5F30054BAD4 /* TeamObject.swift */,
				1533429E2846AB48006EC083 /* TransferObject.swift */,
			);
			path = "Data Structures";
			sourceTree = "<group>";
		};
		15A7416B283DF6A30054BAD4 /* Web Service Calls */ = {
			isa = PBXGroup;
			children = (
				155CD96228447CB600F5C4CE /* DataFetcher.swift */,
				152D2C2E28F91D760075887C /* Get Events.swift */,
				155CD95A284460A200F5C4CE /* Get Injuries.swift */,
				153689792839928D00BBDAE7 /* Get Leagues.swift */,
				15C6215328145A2C005A13E7 /* Get Matches.swift */,
				154DE38A2857C180002C0BC4 /* Get Squads.swift */,
				15D01B17282CA285003BDB30 /* Get Teams.swift */,
				153342A2284706E3006EC083 /* Get Transfers.swift */,
				15A7416C283DF71E0054BAD4 /* Web Service Call Object.swift */,
			);
			path = "Web Service Calls";
			sourceTree = "<group>";
		};
		15AB70A028F52B890046BB0D /* MatchDataView */ = {
			isa = PBXGroup;
			children = (
				15AB70A128F52BA60046BB0D /* MatchDataViewController.swift */,
				15AB70A328F52BF10046BB0D /* MatchDataView.swift */,
				15357FAD28FCB14F00A282F6 /* EventView.swift */,
			);
			path = MatchDataView;
			sourceTree = "<group>";
		};
		15C6212A2814592D005A13E7 = {
			isa = PBXGroup;
			children = (
				15C621352814592D005A13E7 /* GoalPost */,
				15C621342814592D005A13E7 /* Products */,
			);
			sourceTree = "<group>";
		};
		15C621342814592D005A13E7 /* Products */ = {
			isa = PBXGroup;
			children = (
				15C621332814592D005A13E7 /* GoalPost.app */,
			);
			name = Products;
			sourceTree = "<group>";
		};
		15C621352814592D005A13E7 /* GoalPost */ = {
			isa = PBXGroup;
			children = (
				15175B7A28AAE6520039994A /* Deprecated */,
				153A6BB82852FE7F00CC1154 /* Notes.rtf */,
				15C621362814592D005A13E7 /* AppDelegate.swift */,
				15D01B11282C3C7C003BDB30 /* RootController.swift */,
				1521B00F28BF0D80003EC91D /* UpdateTimer.swift */,
				15A7415E283DF29A0054BAD4 /* Data Model */,
				15AB70A028F52B890046BB0D /* MatchDataView */,
				1581E374282B52C500BC39FA /* Matches View */,
				153689712839928D00BBDAE7 /* Leagues View */,
				1581E375282B534F00BC39FA /* Teams View */,
				15C6214D281459A4005A13E7 /* Extensions */,
				15C6214E281459D6005A13E7 /* Support Files */,
				15C621382814592D005A13E7 /* SceneDelegate.swift */,
				15C6213C2814592D005A13E7 /* Main.storyboard */,
				15C6213F2814592F005A13E7 /* Assets.xcassets */,
				15C621412814592F005A13E7 /* LaunchScreen.storyboard */,
				15C621442814592F005A13E7 /* Info.plist */,
			);
			path = GoalPost;
			sourceTree = "<group>";
		};
		15C6214B2814598E005A13E7 /* MatchesCollectionView */ = {
			isa = PBXGroup;
			children = (
				15C6215D281460C9005A13E7 /* LeagueCell.swift */,
				15C6215728145A62005A13E7 /* DEPRECATEDMatchCell.swift */,
				15E6B11D2833F5B70038345A /* AdCell.swift */,
			);
			path = MatchesCollectionView;
			sourceTree = "<group>";
		};
		15C6214D281459A4005A13E7 /* Extensions */ = {
			isa = PBXGroup;
			children = (
				15DAA8E128284953005492F0 /* Date.swift */,
				155CD9602844761D00F5C4CE /* Dictionary.swift */,
				15175B6F28AAC21E0039994A /* NSDiffableDataSourceSectionSnapshot.swift */,
				15DAA8E328285260005492F0 /* String.swift */,
				15C6215928145A7A005A13E7 /* UIStackView.swift */,
				15C6215B28145A97005A13E7 /* UIView.swift */,
				15C01FEC28AE93F50046501B /* UIImage.swift */,
			);
			path = Extensions;
			sourceTree = "<group>";
		};
		15C6214E281459D6005A13E7 /* Support Files */ = {
			isa = PBXGroup;
			children = (
				1578B8522822D98000B71838 /* Cached.swift */,
				1548A15228236F3A00741179 /* Colors.swift */,
				15C6215F28146379005A13E7 /* Custom Classes.swift */,
				15C6214F28145A01005A13E7 /* Enums.swift */,
				153376C32840777000C03610 /* GAD.swift */,
				1585B1232898649A008DF519 /* Keys.swift */,
				1578B85028222B7200B71838 /* Protocols.swift */,
				1548A154282377D000741179 /* TestingManager.swift */,
				155CD96C284577F800F5C4CE /* Types.swift */,
			);
			path = "Support Files";
			sourceTree = "<group>";
		};
/* End PBXGroup section */

/* Begin PBXNativeTarget section */
		15C621322814592D005A13E7 /* GoalPost */ = {
			isa = PBXNativeTarget;
			buildConfigurationList = 15C621472814592F005A13E7 /* Build configuration list for PBXNativeTarget "GoalPost" */;
			buildPhases = (
				15C6212F2814592D005A13E7 /* Sources */,
				15C621302814592D005A13E7 /* Frameworks */,
				15C621312814592D005A13E7 /* Resources */,
			);
			buildRules = (
			);
			dependencies = (
			);
			name = GoalPost;
			packageProductDependencies = (
				156239152834961200C39EB0 /* GoogleMobileAds */,
			);
			productName = GoalPost;
			productReference = 15C621332814592D005A13E7 /* GoalPost.app */;
			productType = "com.apple.product-type.application";
		};
/* End PBXNativeTarget section */

/* Begin PBXProject section */
		15C6212B2814592D005A13E7 /* Project object */ = {
			isa = PBXProject;
			attributes = {
				BuildIndependentTargetsInParallel = 1;
				LastSwiftUpdateCheck = 1330;
				LastUpgradeCheck = 1330;
				TargetAttributes = {
					15C621322814592D005A13E7 = {
						CreatedOnToolsVersion = 13.3.1;
					};
				};
			};
			buildConfigurationList = 15C6212E2814592D005A13E7 /* Build configuration list for PBXProject "GoalPost" */;
			compatibilityVersion = "Xcode 13.0";
			developmentRegion = en;
			hasScannedForEncodings = 0;
			knownRegions = (
				en,
				Base,
			);
			mainGroup = 15C6212A2814592D005A13E7;
			packageReferences = (
				156239142834961200C39EB0 /* XCRemoteSwiftPackageReference "swift-package-manager-google-mobile-ads" */,
			);
			productRefGroup = 15C621342814592D005A13E7 /* Products */;
			projectDirPath = "";
			projectRoot = "";
			targets = (
				15C621322814592D005A13E7 /* GoalPost */,
			);
		};
/* End PBXProject section */

/* Begin PBXResourcesBuildPhase section */
		15C621312814592D005A13E7 /* Resources */ = {
			isa = PBXResourcesBuildPhase;
			buildActionMask = 2147483647;
			files = (
				153A6BB92852FE7F00CC1154 /* Notes.rtf in Resources */,
				15C621432814592F005A13E7 /* LaunchScreen.storyboard in Resources */,
				15C621402814592F005A13E7 /* Assets.xcassets in Resources */,
				15C6213E2814592D005A13E7 /* Main.storyboard in Resources */,
			);
			runOnlyForDeploymentPostprocessing = 0;
		};
/* End PBXResourcesBuildPhase section */

/* Begin PBXSourcesBuildPhase section */
		15C6212F2814592D005A13E7 /* Sources */ = {
			isa = PBXSourcesBuildPhase;
			buildActionMask = 2147483647;
			files = (
				15175B6D28AAC05D0039994A /* MatchesContainerBodyStack.swift in Sources */,
				15D01B18282CA285003BDB30 /* Get Teams.swift in Sources */,
				15175B7928AAE1840039994A /* TeamCollectionCell.swift in Sources */,
				1585B1242898649A008DF519 /* Keys.swift in Sources */,
				15175B7228AADFF70039994A /* TeamDataView.swift in Sources */,
				15C6216028146379005A13E7 /* Custom Classes.swift in Sources */,
				15C6215C28145A97005A13E7 /* UIView.swift in Sources */,
				15C6213B2814592D005A13E7 /* MatchesViewController.swift in Sources */,
				1533429F2846AB48006EC083 /* TransferObject.swift in Sources */,
				158B5AA0284EC836007F1989 /* MatchesSectionDataContainer.swift in Sources */,
				155CD95928445AC700F5C4CE /* PlayerObject.swift in Sources */,
				155CD95F284465CF00F5C4CE /* InjuryObject.swift in Sources */,
				1521B01028BF0D80003EC91D /* UpdateTimer.swift in Sources */,
				15A74168283DF6490054BAD4 /* LeagueObject.swift in Sources */,
				153689822839928D00BBDAE7 /* Get Leagues.swift in Sources */,
				1533429D2846A393006EC083 /* TransferCollectionCell.swift in Sources */,
				15AB70A428F52BF10046BB0D /* MatchDataView.swift in Sources */,
				153689852839928D00BBDAE7 /* LeaguesViewController.swift in Sources */,
				15A74164283DF5F30054BAD4 /* TeamObject.swift in Sources */,
				15175B7728AAE0810039994A /* TeamDataViewController.swift in Sources */,
				15357FAE28FCB14F00A282F6 /* EventView.swift in Sources */,
				1578B85128222B7200B71838 /* Protocols.swift in Sources */,
				15175B6C28AAC05D0039994A /* MatchCell.swift in Sources */,
				153342A3284706E3006EC083 /* Get Transfers.swift in Sources */,
				15C6215E281460C9005A13E7 /* LeagueCell.swift in Sources */,
				15A7416A283DF6540054BAD4 /* Ad.swift in Sources */,
				153376C42840777000C03610 /* GAD.swift in Sources */,
				152D2C2D28F9125E0075887C /* Get Events Structure.swift in Sources */,
				155CD9652844806700F5C4CE /* InjuryCollectionCell.swift in Sources */,
				155CD97328458FBF00F5C4CE /* ObjectContainer.swift in Sources */,
				15DAA8E228284953005492F0 /* Date.swift in Sources */,
				1581E377282B546500BC39FA /* TeamsViewController.swift in Sources */,
				1578B84F282217AC00B71838 /* Get Matches Structure.swift in Sources */,
				15175B6E28AAC05D0039994A /* LeagueHeaderCell.swift in Sources */,
				15C6215A28145A7A005A13E7 /* UIStackView.swift in Sources */,
				155CD96328447CB600F5C4CE /* DataFetcher.swift in Sources */,
				15C6215428145A2C005A13E7 /* Get Matches.swift in Sources */,
				153689812839928D00BBDAE7 /* Get Leagues Structure.swift in Sources */,
				1578B8532822D98000B71838 /* Cached.swift in Sources */,
				154DE38B2857C180002C0BC4 /* Get Squads.swift in Sources */,
				155CD9612844761D00F5C4CE /* Dictionary.swift in Sources */,
				15519C4928A6F5B7005875E9 /* MatchesView.swift in Sources */,
				15FE14672833213000DAB2A0 /* DEPRECATEDTeamCollectionCell.swift in Sources */,
				1521B37528566C8C007C0BF3 /* TeamDataStackCellModel.swift in Sources */,
				1548A15328236F3A00741179 /* Colors.swift in Sources */,
				15A99FF028C1ACAD00BC6D85 /* LeagueDateCardCell.swift in Sources */,
				15A99FF228C1B9EA00BC6D85 /* LeagueDateObject.swift in Sources */,
				15175B7028AAC21E0039994A /* NSDiffableDataSourceSectionSnapshot.swift in Sources */,
				1521B01528BF12A1003EC91D /* LeagueDataView.swift in Sources */,
				15DAA8E428285260005492F0 /* String.swift in Sources */,
				155CD95B284460A200F5C4CE /* Get Injuries.swift in Sources */,
				15275C7D282DA6810005565E /* TeamSearchViewController.swift in Sources */,
				153C21912845C631008CA2A5 /* TitleSupplementaryView.swift in Sources */,
				15D01B14282C5837003BDB30 /* Get Teams Structure.swift in Sources */,
				15C01FED28AE93F50046501B /* UIImage.swift in Sources */,
				15C621372814592D005A13E7 /* AppDelegate.swift in Sources */,
				1548A155282377D000741179 /* TestingManager.swift in Sources */,
				153342A12846ACB7006EC083 /* Get Transfers Structure.swift in Sources */,
				15C6215828145A62005A13E7 /* DEPRECATEDMatchCell.swift in Sources */,
				15AB70A228F52BA60046BB0D /* MatchDataViewController.swift in Sources */,
				153689842839928D00BBDAE7 /* LeaguesView.swift in Sources */,
				15D01B12282C3C7C003BDB30 /* RootController.swift in Sources */,
				155CD95D2844641E00F5C4CE /* Get Injuries Structure.swift in Sources */,
				15275C81282DA7460005565E /* TeamSearchCell.swift in Sources */,
				152D2C2F28F91D760075887C /* Get Events.swift in Sources */,
				153689832839928D00BBDAE7 /* LeagueCollectionCell.swift in Sources */,
				15E6B11E2833F5B70038345A /* AdCell.swift in Sources */,
				1521B01328BF1279003EC91D /* LeagueDataViewController.swift in Sources */,
				15A7416D283DF71E0054BAD4 /* Web Service Call Object.swift in Sources */,
				1536897F2839928D00BBDAE7 /* LeagueSearchViewController.swift in Sources */,
				1536897E2839928D00BBDAE7 /* LeagueSearchCell.swift in Sources */,
				154DE3892857BDD7002C0BC4 /* Get Squad Structure.swift in Sources */,
				15275C7F282DA6A90005565E /* TeamSearchView.swift in Sources */,
				15C6215028145A01005A13E7 /* Enums.swift in Sources */,
				1581E379282B549600BC39FA /* TeamsView.swift in Sources */,
				155CD97128457F1D00F5C4CE /* MatchCollectionCell.swift in Sources */,
				155CD96D284577F800F5C4CE /* Types.swift in Sources */,
				15C621392814592D005A13E7 /* SceneDelegate.swift in Sources */,
				154DE3872857BBC7002C0BC4 /* PlayerCollectionCell.swift in Sources */,
				153689802839928D00BBDAE7 /* LeagueSearchView.swift in Sources */,
				152D2C3128F91F480075887C /* EventObject.swift in Sources */,
				155CD96728453B3900F5C4CE /* DEPRECATEDTeamDataStack.swift in Sources */,
				15A74166283DF6120054BAD4 /* MatchObject.swift in Sources */,
			);
			runOnlyForDeploymentPostprocessing = 0;
		};
/* End PBXSourcesBuildPhase section */

/* Begin PBXVariantGroup section */
		15C6213C2814592D005A13E7 /* Main.storyboard */ = {
			isa = PBXVariantGroup;
			children = (
				15C6213D2814592D005A13E7 /* Base */,
			);
			name = Main.storyboard;
			sourceTree = "<group>";
		};
		15C621412814592F005A13E7 /* LaunchScreen.storyboard */ = {
			isa = PBXVariantGroup;
			children = (
				15C621422814592F005A13E7 /* Base */,
			);
			name = LaunchScreen.storyboard;
			sourceTree = "<group>";
		};
/* End PBXVariantGroup section */

/* Begin XCBuildConfiguration section */
		15C621452814592F005A13E7 /* Debug */ = {
			isa = XCBuildConfiguration;
			buildSettings = {
				ALWAYS_SEARCH_USER_PATHS = NO;
				CLANG_ANALYZER_NONNULL = YES;
				CLANG_ANALYZER_NUMBER_OBJECT_CONVERSION = YES_AGGRESSIVE;
				CLANG_CXX_LANGUAGE_STANDARD = "gnu++17";
				CLANG_ENABLE_MODULES = YES;
				CLANG_ENABLE_OBJC_ARC = YES;
				CLANG_ENABLE_OBJC_WEAK = YES;
				CLANG_WARN_BLOCK_CAPTURE_AUTORELEASING = YES;
				CLANG_WARN_BOOL_CONVERSION = YES;
				CLANG_WARN_COMMA = YES;
				CLANG_WARN_CONSTANT_CONVERSION = YES;
				CLANG_WARN_DEPRECATED_OBJC_IMPLEMENTATIONS = YES;
				CLANG_WARN_DIRECT_OBJC_ISA_USAGE = YES_ERROR;
				CLANG_WARN_DOCUMENTATION_COMMENTS = YES;
				CLANG_WARN_EMPTY_BODY = YES;
				CLANG_WARN_ENUM_CONVERSION = YES;
				CLANG_WARN_INFINITE_RECURSION = YES;
				CLANG_WARN_INT_CONVERSION = YES;
				CLANG_WARN_NON_LITERAL_NULL_CONVERSION = YES;
				CLANG_WARN_OBJC_IMPLICIT_RETAIN_SELF = YES;
				CLANG_WARN_OBJC_LITERAL_CONVERSION = YES;
				CLANG_WARN_OBJC_ROOT_CLASS = YES_ERROR;
				CLANG_WARN_QUOTED_INCLUDE_IN_FRAMEWORK_HEADER = YES;
				CLANG_WARN_RANGE_LOOP_ANALYSIS = YES;
				CLANG_WARN_STRICT_PROTOTYPES = YES;
				CLANG_WARN_SUSPICIOUS_MOVE = YES;
				CLANG_WARN_UNGUARDED_AVAILABILITY = YES_AGGRESSIVE;
				CLANG_WARN_UNREACHABLE_CODE = YES;
				CLANG_WARN__DUPLICATE_METHOD_MATCH = YES;
				COPY_PHASE_STRIP = NO;
				DEBUG_INFORMATION_FORMAT = dwarf;
				ENABLE_STRICT_OBJC_MSGSEND = YES;
				ENABLE_TESTABILITY = YES;
				GCC_C_LANGUAGE_STANDARD = gnu11;
				GCC_DYNAMIC_NO_PIC = NO;
				GCC_NO_COMMON_BLOCKS = YES;
				GCC_OPTIMIZATION_LEVEL = 0;
				GCC_PREPROCESSOR_DEFINITIONS = (
					"DEBUG=1",
					"$(inherited)",
				);
				GCC_WARN_64_TO_32_BIT_CONVERSION = YES;
				GCC_WARN_ABOUT_RETURN_TYPE = YES_ERROR;
				GCC_WARN_UNDECLARED_SELECTOR = YES;
				GCC_WARN_UNINITIALIZED_AUTOS = YES_AGGRESSIVE;
				GCC_WARN_UNUSED_FUNCTION = YES;
				GCC_WARN_UNUSED_VARIABLE = YES;
				IPHONEOS_DEPLOYMENT_TARGET = 15.5;
				MTL_ENABLE_DEBUG_INFO = INCLUDE_SOURCE;
				MTL_FAST_MATH = YES;
				ONLY_ACTIVE_ARCH = YES;
				SDKROOT = iphoneos;
				SWIFT_ACTIVE_COMPILATION_CONDITIONS = DEBUG;
				SWIFT_OPTIMIZATION_LEVEL = "-Onone";
			};
			name = Debug;
		};
		15C621462814592F005A13E7 /* Release */ = {
			isa = XCBuildConfiguration;
			buildSettings = {
				ALWAYS_SEARCH_USER_PATHS = NO;
				CLANG_ANALYZER_NONNULL = YES;
				CLANG_ANALYZER_NUMBER_OBJECT_CONVERSION = YES_AGGRESSIVE;
				CLANG_CXX_LANGUAGE_STANDARD = "gnu++17";
				CLANG_ENABLE_MODULES = YES;
				CLANG_ENABLE_OBJC_ARC = YES;
				CLANG_ENABLE_OBJC_WEAK = YES;
				CLANG_WARN_BLOCK_CAPTURE_AUTORELEASING = YES;
				CLANG_WARN_BOOL_CONVERSION = YES;
				CLANG_WARN_COMMA = YES;
				CLANG_WARN_CONSTANT_CONVERSION = YES;
				CLANG_WARN_DEPRECATED_OBJC_IMPLEMENTATIONS = YES;
				CLANG_WARN_DIRECT_OBJC_ISA_USAGE = YES_ERROR;
				CLANG_WARN_DOCUMENTATION_COMMENTS = YES;
				CLANG_WARN_EMPTY_BODY = YES;
				CLANG_WARN_ENUM_CONVERSION = YES;
				CLANG_WARN_INFINITE_RECURSION = YES;
				CLANG_WARN_INT_CONVERSION = YES;
				CLANG_WARN_NON_LITERAL_NULL_CONVERSION = YES;
				CLANG_WARN_OBJC_IMPLICIT_RETAIN_SELF = YES;
				CLANG_WARN_OBJC_LITERAL_CONVERSION = YES;
				CLANG_WARN_OBJC_ROOT_CLASS = YES_ERROR;
				CLANG_WARN_QUOTED_INCLUDE_IN_FRAMEWORK_HEADER = YES;
				CLANG_WARN_RANGE_LOOP_ANALYSIS = YES;
				CLANG_WARN_STRICT_PROTOTYPES = YES;
				CLANG_WARN_SUSPICIOUS_MOVE = YES;
				CLANG_WARN_UNGUARDED_AVAILABILITY = YES_AGGRESSIVE;
				CLANG_WARN_UNREACHABLE_CODE = YES;
				CLANG_WARN__DUPLICATE_METHOD_MATCH = YES;
				COPY_PHASE_STRIP = NO;
				DEBUG_INFORMATION_FORMAT = "dwarf-with-dsym";
				ENABLE_NS_ASSERTIONS = NO;
				ENABLE_STRICT_OBJC_MSGSEND = YES;
				GCC_C_LANGUAGE_STANDARD = gnu11;
				GCC_NO_COMMON_BLOCKS = YES;
				GCC_WARN_64_TO_32_BIT_CONVERSION = YES;
				GCC_WARN_ABOUT_RETURN_TYPE = YES_ERROR;
				GCC_WARN_UNDECLARED_SELECTOR = YES;
				GCC_WARN_UNINITIALIZED_AUTOS = YES_AGGRESSIVE;
				GCC_WARN_UNUSED_FUNCTION = YES;
				GCC_WARN_UNUSED_VARIABLE = YES;
				IPHONEOS_DEPLOYMENT_TARGET = 15.5;
				MTL_ENABLE_DEBUG_INFO = NO;
				MTL_FAST_MATH = YES;
				SDKROOT = iphoneos;
				SWIFT_COMPILATION_MODE = wholemodule;
				SWIFT_OPTIMIZATION_LEVEL = "-O";
				VALIDATE_PRODUCT = YES;
			};
			name = Release;
		};
		15C621482814592F005A13E7 /* Debug */ = {
			isa = XCBuildConfiguration;
			buildSettings = {
				ASSETCATALOG_COMPILER_APPICON_NAME = AppIcon;
				ASSETCATALOG_COMPILER_GLOBAL_ACCENT_COLOR_NAME = AccentColor;
				CODE_SIGN_STYLE = Automatic;
				CURRENT_PROJECT_VERSION = 1;
				DEVELOPMENT_TEAM = U295Q73645;
				GENERATE_INFOPLIST_FILE = YES;
				INFOPLIST_FILE = GoalPost/Info.plist;
				INFOPLIST_KEY_UIApplicationSupportsIndirectInputEvents = YES;
				INFOPLIST_KEY_UILaunchStoryboardName = LaunchScreen;
				INFOPLIST_KEY_UIMainStoryboardFile = Main;
				INFOPLIST_KEY_UISupportedInterfaceOrientations_iPad = "UIInterfaceOrientationPortrait UIInterfaceOrientationPortraitUpsideDown UIInterfaceOrientationLandscapeLeft UIInterfaceOrientationLandscapeRight";
				INFOPLIST_KEY_UISupportedInterfaceOrientations_iPhone = "UIInterfaceOrientationPortrait UIInterfaceOrientationLandscapeLeft UIInterfaceOrientationLandscapeRight";
				IPHONEOS_DEPLOYMENT_TARGET = 15.0;
				LD_RUNPATH_SEARCH_PATHS = (
					"$(inherited)",
					"@executable_path/Frameworks",
				);
				MARKETING_VERSION = 1.0;
				OTHER_LDFLAGS = "-ObjC";
				PRODUCT_BUNDLE_IDENTIFIER = com.moses.harding.GoalPost;
				PRODUCT_NAME = "$(TARGET_NAME)";
				SWIFT_EMIT_LOC_STRINGS = YES;
				SWIFT_VERSION = 5.0;
				TARGETED_DEVICE_FAMILY = "1,2";
			};
			name = Debug;
		};
		15C621492814592F005A13E7 /* Release */ = {
			isa = XCBuildConfiguration;
			buildSettings = {
				ASSETCATALOG_COMPILER_APPICON_NAME = AppIcon;
				ASSETCATALOG_COMPILER_GLOBAL_ACCENT_COLOR_NAME = AccentColor;
				CODE_SIGN_STYLE = Automatic;
				CURRENT_PROJECT_VERSION = 1;
				DEVELOPMENT_TEAM = U295Q73645;
				GENERATE_INFOPLIST_FILE = YES;
				INFOPLIST_FILE = GoalPost/Info.plist;
				INFOPLIST_KEY_UIApplicationSupportsIndirectInputEvents = YES;
				INFOPLIST_KEY_UILaunchStoryboardName = LaunchScreen;
				INFOPLIST_KEY_UIMainStoryboardFile = Main;
				INFOPLIST_KEY_UISupportedInterfaceOrientations_iPad = "UIInterfaceOrientationPortrait UIInterfaceOrientationPortraitUpsideDown UIInterfaceOrientationLandscapeLeft UIInterfaceOrientationLandscapeRight";
				INFOPLIST_KEY_UISupportedInterfaceOrientations_iPhone = "UIInterfaceOrientationPortrait UIInterfaceOrientationLandscapeLeft UIInterfaceOrientationLandscapeRight";
				IPHONEOS_DEPLOYMENT_TARGET = 15.0;
				LD_RUNPATH_SEARCH_PATHS = (
					"$(inherited)",
					"@executable_path/Frameworks",
				);
				MARKETING_VERSION = 1.0;
				OTHER_LDFLAGS = "-ObjC";
				PRODUCT_BUNDLE_IDENTIFIER = com.moses.harding.GoalPost;
				PRODUCT_NAME = "$(TARGET_NAME)";
				SWIFT_EMIT_LOC_STRINGS = YES;
				SWIFT_VERSION = 5.0;
				TARGETED_DEVICE_FAMILY = "1,2";
			};
			name = Release;
		};
/* End XCBuildConfiguration section */

/* Begin XCConfigurationList section */
		15C6212E2814592D005A13E7 /* Build configuration list for PBXProject "GoalPost" */ = {
			isa = XCConfigurationList;
			buildConfigurations = (
				15C621452814592F005A13E7 /* Debug */,
				15C621462814592F005A13E7 /* Release */,
			);
			defaultConfigurationIsVisible = 0;
			defaultConfigurationName = Release;
		};
		15C621472814592F005A13E7 /* Build configuration list for PBXNativeTarget "GoalPost" */ = {
			isa = XCConfigurationList;
			buildConfigurations = (
				15C621482814592F005A13E7 /* Debug */,
				15C621492814592F005A13E7 /* Release */,
			);
			defaultConfigurationIsVisible = 0;
			defaultConfigurationName = Release;
		};
/* End XCConfigurationList section */

/* Begin XCRemoteSwiftPackageReference section */
		156239142834961200C39EB0 /* XCRemoteSwiftPackageReference "swift-package-manager-google-mobile-ads" */ = {
			isa = XCRemoteSwiftPackageReference;
			repositoryURL = "https://github.com/googleads/swift-package-manager-google-mobile-ads.git";
			requirement = {
				kind = upToNextMajorVersion;
				minimumVersion = 9.0.0;
			};
		};
/* End XCRemoteSwiftPackageReference section */

/* Begin XCSwiftPackageProductDependency section */
		156239152834961200C39EB0 /* GoogleMobileAds */ = {
			isa = XCSwiftPackageProductDependency;
			package = 156239142834961200C39EB0 /* XCRemoteSwiftPackageReference "swift-package-manager-google-mobile-ads" */;
			productName = GoogleMobileAds;
		};
/* End XCSwiftPackageProductDependency section */
	};
	rootObject = 15C6212B2814592D005A13E7 /* Project object */;
}
